
Microsoft Visual Studio Solution File, Format Version 12.00
# Visual Studio 14
VisualStudioVersion = 14.0.25420.1
MinimumVisualStudioVersion = 10.0.40219.1
Project("{FAE04EC0-301F-11D3-BF4B-00C04F79EFBC}") = "ValidationDemo", "ValidationDemo\ValidationDemo\ValidationDemo.csproj", "{A9FD84F4-AFA6-48BA-81D4-F3C2C6B73DBE}"
EndProject
Project("{FAE04EC0-301F-11D3-BF4B-00C04F79EFBC}") = "ValidationDemo.Droid", "ValidationDemo\ValidationDemo.Droid\ValidationDemo.Droid.csproj", "{C5B7D2E4-3075-4A7C-A493-B12FF76C6E76}"
EndProject
Project("{FAE04EC0-301F-11D3-BF4B-00C04F79EFBC}") = "ValidationDemo.iOS", "ValidationDemo\ValidationDemo.iOS\ValidationDemo.iOS.csproj", "{B52DB1ED-CA31-429B-A461-DDB9CCFD35DB}"
EndProject
Project("{FAE04EC0-301F-11D3-BF4B-00C04F79EFBC}") = "ValidationDemo.WinPhone", "ValidationDemo\ValidationDemo.WinPhone\ValidationDemo.WinPhone.csproj", "{882F60AC-4614-4AA5-B0E2-C61BE77A730E}"
EndProject
Project("{FAE04EC0-301F-11D3-BF4B-00C04F79EFBC}") = "ValidationDemo.UWP", "ValidationDemo\ValidationDemo.UWP\ValidationDemo.UWP.csproj", "{BAC97011-C3D2-4B77-9618-73DE5306BC3F}"
EndProject
Project("{FAE04EC0-301F-11D3-BF4B-00C04F79EFBC}") = "ValidationDemo.Windows", "ValidationDemo\ValidationDemo.Windows\ValidationDemo.Windows.csproj", "{15069747-8F2B-4DAC-8E37-3B4952F2E627}"
EndProject
Global
	GlobalSection(SolutionConfigurationPlatforms) = preSolution
		Ad-Hoc|Any CPU = Ad-Hoc|Any CPU
		Ad-Hoc|ARM = Ad-Hoc|ARM
		Ad-Hoc|iPhone = Ad-Hoc|iPhone
		Ad-Hoc|iPhoneSimulator = Ad-Hoc|iPhoneSimulator
		Ad-Hoc|x64 = Ad-Hoc|x64
		Ad-Hoc|x86 = Ad-Hoc|x86
		AppStore|Any CPU = AppStore|Any CPU
		AppStore|ARM = AppStore|ARM
		AppStore|iPhone = AppStore|iPhone
		AppStore|iPhoneSimulator = AppStore|iPhoneSimulator
		AppStore|x64 = AppStore|x64
		AppStore|x86 = AppStore|x86
		Debug|Any CPU = Debug|Any CPU
		Debug|ARM = Debug|ARM
		Debug|iPhone = Debug|iPhone
		Debug|iPhoneSimulator = Debug|iPhoneSimulator
		Debug|x64 = Debug|x64
		Debug|x86 = Debug|x86
		Release|Any CPU = Release|Any CPU
		Release|ARM = Release|ARM
		Release|iPhone = Release|iPhone
		Release|iPhoneSimulator = Release|iPhoneSimulator
		Release|x64 = Release|x64
		Release|x86 = Release|x86
	EndGlobalSection
	GlobalSection(ProjectConfigurationPlatforms) = postSolution
		{A9FD84F4-AFA6-48BA-81D4-F3C2C6B73DBE}.Ad-Hoc|Any CPU.ActiveCfg = Release|Any CPU
		{A9FD84F4-AFA6-48BA-81D4-F3C2C6B73DBE}.Ad-Hoc|Any CPU.Build.0 = Release|Any CPU
		{A9FD84F4-AFA6-48BA-81D4-F3C2C6B73DBE}.Ad-Hoc|ARM.ActiveCfg = Release|Any CPU
		{A9FD84F4-AFA6-48BA-81D4-F3C2C6B73DBE}.Ad-Hoc|ARM.Build.0 = Release|Any CPU
		{A9FD84F4-AFA6-48BA-81D4-F3C2C6B73DBE}.Ad-Hoc|iPhone.ActiveCfg = Release|Any CPU
		{A9FD84F4-AFA6-48BA-81D4-F3C2C6B73DBE}.Ad-Hoc|iPhone.Build.0 = Release|Any CPU
		{A9FD84F4-AFA6-48BA-81D4-F3C2C6B73DBE}.Ad-Hoc|iPhoneSimulator.ActiveCfg = Release|Any CPU
		{A9FD84F4-AFA6-48BA-81D4-F3C2C6B73DBE}.Ad-Hoc|iPhoneSimulator.Build.0 = Release|Any CPU
		{A9FD84F4-AFA6-48BA-81D4-F3C2C6B73DBE}.Ad-Hoc|x64.ActiveCfg = Release|Any CPU
		{A9FD84F4-AFA6-48BA-81D4-F3C2C6B73DBE}.Ad-Hoc|x64.Build.0 = Release|Any CPU
		{A9FD84F4-AFA6-48BA-81D4-F3C2C6B73DBE}.Ad-Hoc|x86.ActiveCfg = Release|Any CPU
		{A9FD84F4-AFA6-48BA-81D4-F3C2C6B73DBE}.Ad-Hoc|x86.Build.0 = Release|Any CPU
		{A9FD84F4-AFA6-48BA-81D4-F3C2C6B73DBE}.AppStore|Any CPU.ActiveCfg = Release|Any CPU
		{A9FD84F4-AFA6-48BA-81D4-F3C2C6B73DBE}.AppStore|Any CPU.Build.0 = Release|Any CPU
		{A9FD84F4-AFA6-48BA-81D4-F3C2C6B73DBE}.AppStore|ARM.ActiveCfg = Release|Any CPU
		{A9FD84F4-AFA6-48BA-81D4-F3C2C6B73DBE}.AppStore|ARM.Build.0 = Release|Any CPU
		{A9FD84F4-AFA6-48BA-81D4-F3C2C6B73DBE}.AppStore|iPhone.ActiveCfg = Release|Any CPU
		{A9FD84F4-AFA6-48BA-81D4-F3C2C6B73DBE}.AppStore|iPhone.Build.0 = Release|Any CPU
		{A9FD84F4-AFA6-48BA-81D4-F3C2C6B73DBE}.AppStore|iPhoneSimulator.ActiveCfg = Release|Any CPU
		{A9FD84F4-AFA6-48BA-81D4-F3C2C6B73DBE}.AppStore|iPhoneSimulator.Build.0 = Release|Any CPU
		{A9FD84F4-AFA6-48BA-81D4-F3C2C6B73DBE}.AppStore|x64.ActiveCfg = Release|Any CPU
		{A9FD84F4-AFA6-48BA-81D4-F3C2C6B73DBE}.AppStore|x64.Build.0 = Release|Any CPU
		{A9FD84F4-AFA6-48BA-81D4-F3C2C6B73DBE}.AppStore|x86.ActiveCfg = Release|Any CPU
		{A9FD84F4-AFA6-48BA-81D4-F3C2C6B73DBE}.AppStore|x86.Build.0 = Release|Any CPU
		{A9FD84F4-AFA6-48BA-81D4-F3C2C6B73DBE}.Debug|Any CPU.ActiveCfg = Debug|Any CPU
		{A9FD84F4-AFA6-48BA-81D4-F3C2C6B73DBE}.Debug|Any CPU.Build.0 = Debug|Any CPU
		{A9FD84F4-AFA6-48BA-81D4-F3C2C6B73DBE}.Debug|ARM.ActiveCfg = Debug|Any CPU
		{A9FD84F4-AFA6-48BA-81D4-F3C2C6B73DBE}.Debug|ARM.Build.0 = Debug|Any CPU
		{A9FD84F4-AFA6-48BA-81D4-F3C2C6B73DBE}.Debug|iPhone.ActiveCfg = Debug|Any CPU
		{A9FD84F4-AFA6-48BA-81D4-F3C2C6B73DBE}.Debug|iPhone.Build.0 = Debug|Any CPU
		{A9FD84F4-AFA6-48BA-81D4-F3C2C6B73DBE}.Debug|iPhoneSimulator.ActiveCfg = Debug|Any CPU
		{A9FD84F4-AFA6-48BA-81D4-F3C2C6B73DBE}.Debug|iPhoneSimulator.Build.0 = Debug|Any CPU
		{A9FD84F4-AFA6-48BA-81D4-F3C2C6B73DBE}.Debug|x64.ActiveCfg = Debug|Any CPU
		{A9FD84F4-AFA6-48BA-81D4-F3C2C6B73DBE}.Debug|x64.Build.0 = Debug|Any CPU
		{A9FD84F4-AFA6-48BA-81D4-F3C2C6B73DBE}.Debug|x86.ActiveCfg = Debug|Any CPU
		{A9FD84F4-AFA6-48BA-81D4-F3C2C6B73DBE}.Debug|x86.Build.0 = Debug|Any CPU
		{A9FD84F4-AFA6-48BA-81D4-F3C2C6B73DBE}.Release|Any CPU.ActiveCfg = Release|Any CPU
		{A9FD84F4-AFA6-48BA-81D4-F3C2C6B73DBE}.Release|Any CPU.Build.0 = Release|Any CPU
		{A9FD84F4-AFA6-48BA-81D4-F3C2C6B73DBE}.Release|ARM.ActiveCfg = Release|Any CPU
		{A9FD84F4-AFA6-48BA-81D4-F3C2C6B73DBE}.Release|ARM.Build.0 = Release|Any CPU
		{A9FD84F4-AFA6-48BA-81D4-F3C2C6B73DBE}.Release|iPhone.ActiveCfg = Release|Any CPU
		{A9FD84F4-AFA6-48BA-81D4-F3C2C6B73DBE}.Release|iPhone.Build.0 = Release|Any CPU
		{A9FD84F4-AFA6-48BA-81D4-F3C2C6B73DBE}.Release|iPhoneSimulator.ActiveCfg = Release|Any CPU
		{A9FD84F4-AFA6-48BA-81D4-F3C2C6B73DBE}.Release|iPhoneSimulator.Build.0 = Release|Any CPU
		{A9FD84F4-AFA6-48BA-81D4-F3C2C6B73DBE}.Release|x64.ActiveCfg = Release|Any CPU
		{A9FD84F4-AFA6-48BA-81D4-F3C2C6B73DBE}.Release|x64.Build.0 = Release|Any CPU
		{A9FD84F4-AFA6-48BA-81D4-F3C2C6B73DBE}.Release|x86.ActiveCfg = Release|Any CPU
		{A9FD84F4-AFA6-48BA-81D4-F3C2C6B73DBE}.Release|x86.Build.0 = Release|Any CPU
		{C5B7D2E4-3075-4A7C-A493-B12FF76C6E76}.Ad-Hoc|Any CPU.ActiveCfg = Release|Any CPU
		{C5B7D2E4-3075-4A7C-A493-B12FF76C6E76}.Ad-Hoc|Any CPU.Build.0 = Release|Any CPU
		{C5B7D2E4-3075-4A7C-A493-B12FF76C6E76}.Ad-Hoc|Any CPU.Deploy.0 = Release|Any CPU
		{C5B7D2E4-3075-4A7C-A493-B12FF76C6E76}.Ad-Hoc|ARM.ActiveCfg = Release|Any CPU
		{C5B7D2E4-3075-4A7C-A493-B12FF76C6E76}.Ad-Hoc|ARM.Build.0 = Release|Any CPU
		{C5B7D2E4-3075-4A7C-A493-B12FF76C6E76}.Ad-Hoc|ARM.Deploy.0 = Release|Any CPU
		{C5B7D2E4-3075-4A7C-A493-B12FF76C6E76}.Ad-Hoc|iPhone.ActiveCfg = Release|Any CPU
		{C5B7D2E4-3075-4A7C-A493-B12FF76C6E76}.Ad-Hoc|iPhone.Build.0 = Release|Any CPU
		{C5B7D2E4-3075-4A7C-A493-B12FF76C6E76}.Ad-Hoc|iPhone.Deploy.0 = Release|Any CPU
		{C5B7D2E4-3075-4A7C-A493-B12FF76C6E76}.Ad-Hoc|iPhoneSimulator.ActiveCfg = Release|Any CPU
		{C5B7D2E4-3075-4A7C-A493-B12FF76C6E76}.Ad-Hoc|iPhoneSimulator.Build.0 = Release|Any CPU
		{C5B7D2E4-3075-4A7C-A493-B12FF76C6E76}.Ad-Hoc|iPhoneSimulator.Deploy.0 = Release|Any CPU
		{C5B7D2E4-3075-4A7C-A493-B12FF76C6E76}.Ad-Hoc|x64.ActiveCfg = Release|Any CPU
		{C5B7D2E4-3075-4A7C-A493-B12FF76C6E76}.Ad-Hoc|x64.Build.0 = Release|Any CPU
		{C5B7D2E4-3075-4A7C-A493-B12FF76C6E76}.Ad-Hoc|x64.Deploy.0 = Release|Any CPU
		{C5B7D2E4-3075-4A7C-A493-B12FF76C6E76}.Ad-Hoc|x86.ActiveCfg = Release|Any CPU
		{C5B7D2E4-3075-4A7C-A493-B12FF76C6E76}.Ad-Hoc|x86.Build.0 = Release|Any CPU
		{C5B7D2E4-3075-4A7C-A493-B12FF76C6E76}.Ad-Hoc|x86.Deploy.0 = Release|Any CPU
		{C5B7D2E4-3075-4A7C-A493-B12FF76C6E76}.AppStore|Any CPU.ActiveCfg = Release|Any CPU
		{C5B7D2E4-3075-4A7C-A493-B12FF76C6E76}.AppStore|Any CPU.Build.0 = Release|Any CPU
		{C5B7D2E4-3075-4A7C-A493-B12FF76C6E76}.AppStore|Any CPU.Deploy.0 = Release|Any CPU
		{C5B7D2E4-3075-4A7C-A493-B12FF76C6E76}.AppStore|ARM.ActiveCfg = Release|Any CPU
		{C5B7D2E4-3075-4A7C-A493-B12FF76C6E76}.AppStore|ARM.Build.0 = Release|Any CPU
		{C5B7D2E4-3075-4A7C-A493-B12FF76C6E76}.AppStore|ARM.Deploy.0 = Release|Any CPU
		{C5B7D2E4-3075-4A7C-A493-B12FF76C6E76}.AppStore|iPhone.ActiveCfg = Release|Any CPU
		{C5B7D2E4-3075-4A7C-A493-B12FF76C6E76}.AppStore|iPhone.Build.0 = Release|Any CPU
		{C5B7D2E4-3075-4A7C-A493-B12FF76C6E76}.AppStore|iPhone.Deploy.0 = Release|Any CPU
		{C5B7D2E4-3075-4A7C-A493-B12FF76C6E76}.AppStore|iPhoneSimulator.ActiveCfg = Release|Any CPU
		{C5B7D2E4-3075-4A7C-A493-B12FF76C6E76}.AppStore|iPhoneSimulator.Build.0 = Release|Any CPU
		{C5B7D2E4-3075-4A7C-A493-B12FF76C6E76}.AppStore|iPhoneSimulator.Deploy.0 = Release|Any CPU
		{C5B7D2E4-3075-4A7C-A493-B12FF76C6E76}.AppStore|x64.ActiveCfg = Release|Any CPU
		{C5B7D2E4-3075-4A7C-A493-B12FF76C6E76}.AppStore|x64.Build.0 = Release|Any CPU
		{C5B7D2E4-3075-4A7C-A493-B12FF76C6E76}.AppStore|x64.Deploy.0 = Release|Any CPU
		{C5B7D2E4-3075-4A7C-A493-B12FF76C6E76}.AppStore|x86.ActiveCfg = Release|Any CPU
		{C5B7D2E4-3075-4A7C-A493-B12FF76C6E76}.AppStore|x86.Build.0 = Release|Any CPU
		{C5B7D2E4-3075-4A7C-A493-B12FF76C6E76}.AppStore|x86.Deploy.0 = Release|Any CPU
		{C5B7D2E4-3075-4A7C-A493-B12FF76C6E76}.Debug|Any CPU.ActiveCfg = Debug|Any CPU
		{C5B7D2E4-3075-4A7C-A493-B12FF76C6E76}.Debug|Any CPU.Build.0 = Debug|Any CPU
		{C5B7D2E4-3075-4A7C-A493-B12FF76C6E76}.Debug|Any CPU.Deploy.0 = Debug|Any CPU
		{C5B7D2E4-3075-4A7C-A493-B12FF76C6E76}.Debug|ARM.ActiveCfg = Debug|Any CPU
		{C5B7D2E4-3075-4A7C-A493-B12FF76C6E76}.Debug|ARM.Build.0 = Debug|Any CPU
		{C5B7D2E4-3075-4A7C-A493-B12FF76C6E76}.Debug|ARM.Deploy.0 = Debug|Any CPU
		{C5B7D2E4-3075-4A7C-A493-B12FF76C6E76}.Debug|iPhone.ActiveCfg = Debug|Any CPU
		{C5B7D2E4-3075-4A7C-A493-B12FF76C6E76}.Debug|iPhone.Build.0 = Debug|Any CPU
		{C5B7D2E4-3075-4A7C-A493-B12FF76C6E76}.Debug|iPhone.Deploy.0 = Debug|Any CPU
		{C5B7D2E4-3075-4A7C-A493-B12FF76C6E76}.Debug|iPhoneSimulator.ActiveCfg = Debug|Any CPU
		{C5B7D2E4-3075-4A7C-A493-B12FF76C6E76}.Debug|iPhoneSimulator.Build.0 = Debug|Any CPU
		{C5B7D2E4-3075-4A7C-A493-B12FF76C6E76}.Debug|iPhoneSimulator.Deploy.0 = Debug|Any CPU
		{C5B7D2E4-3075-4A7C-A493-B12FF76C6E76}.Debug|x64.ActiveCfg = Debug|Any CPU
		{C5B7D2E4-3075-4A7C-A493-B12FF76C6E76}.Debug|x64.Build.0 = Debug|Any CPU
		{C5B7D2E4-3075-4A7C-A493-B12FF76C6E76}.Debug|x64.Deploy.0 = Debug|Any CPU
		{C5B7D2E4-3075-4A7C-A493-B12FF76C6E76}.Debug|x86.ActiveCfg = Debug|Any CPU
		{C5B7D2E4-3075-4A7C-A493-B12FF76C6E76}.Debug|x86.Build.0 = Debug|Any CPU
		{C5B7D2E4-3075-4A7C-A493-B12FF76C6E76}.Debug|x86.Deploy.0 = Debug|Any CPU
		{C5B7D2E4-3075-4A7C-A493-B12FF76C6E76}.Release|Any CPU.ActiveCfg = Release|Any CPU
		{C5B7D2E4-3075-4A7C-A493-B12FF76C6E76}.Release|Any CPU.Build.0 = Release|Any CPU
		{C5B7D2E4-3075-4A7C-A493-B12FF76C6E76}.Release|Any CPU.Deploy.0 = Release|Any CPU
		{C5B7D2E4-3075-4A7C-A493-B12FF76C6E76}.Release|ARM.ActiveCfg = Release|Any CPU
		{C5B7D2E4-3075-4A7C-A493-B12FF76C6E76}.Release|ARM.Build.0 = Release|Any CPU
		{C5B7D2E4-3075-4A7C-A493-B12FF76C6E76}.Release|ARM.Deploy.0 = Release|Any CPU
		{C5B7D2E4-3075-4A7C-A493-B12FF76C6E76}.Release|iPhone.ActiveCfg = Release|Any CPU
		{C5B7D2E4-3075-4A7C-A493-B12FF76C6E76}.Release|iPhone.Build.0 = Release|Any CPU
		{C5B7D2E4-3075-4A7C-A493-B12FF76C6E76}.Release|iPhone.Deploy.0 = Release|Any CPU
		{C5B7D2E4-3075-4A7C-A493-B12FF76C6E76}.Release|iPhoneSimulator.ActiveCfg = Release|Any CPU
		{C5B7D2E4-3075-4A7C-A493-B12FF76C6E76}.Release|iPhoneSimulator.Build.0 = Release|Any CPU
		{C5B7D2E4-3075-4A7C-A493-B12FF76C6E76}.Release|iPhoneSimulator.Deploy.0 = Release|Any CPU
		{C5B7D2E4-3075-4A7C-A493-B12FF76C6E76}.Release|x64.ActiveCfg = Release|Any CPU
		{C5B7D2E4-3075-4A7C-A493-B12FF76C6E76}.Release|x64.Build.0 = Release|Any CPU
		{C5B7D2E4-3075-4A7C-A493-B12FF76C6E76}.Release|x64.Deploy.0 = Release|Any CPU
		{C5B7D2E4-3075-4A7C-A493-B12FF76C6E76}.Release|x86.ActiveCfg = Release|Any CPU
		{C5B7D2E4-3075-4A7C-A493-B12FF76C6E76}.Release|x86.Build.0 = Release|Any CPU
		{C5B7D2E4-3075-4A7C-A493-B12FF76C6E76}.Release|x86.Deploy.0 = Release|Any CPU
		{B52DB1ED-CA31-429B-A461-DDB9CCFD35DB}.Ad-Hoc|Any CPU.ActiveCfg = Ad-Hoc|iPhone
		{B52DB1ED-CA31-429B-A461-DDB9CCFD35DB}.Ad-Hoc|ARM.ActiveCfg = Ad-Hoc|iPhone
		{B52DB1ED-CA31-429B-A461-DDB9CCFD35DB}.Ad-Hoc|iPhone.ActiveCfg = Ad-Hoc|iPhone
		{B52DB1ED-CA31-429B-A461-DDB9CCFD35DB}.Ad-Hoc|iPhone.Build.0 = Ad-Hoc|iPhone
		{B52DB1ED-CA31-429B-A461-DDB9CCFD35DB}.Ad-Hoc|iPhoneSimulator.ActiveCfg = Ad-Hoc|iPhoneSimulator
		{B52DB1ED-CA31-429B-A461-DDB9CCFD35DB}.Ad-Hoc|iPhoneSimulator.Build.0 = Ad-Hoc|iPhoneSimulator
		{B52DB1ED-CA31-429B-A461-DDB9CCFD35DB}.Ad-Hoc|x64.ActiveCfg = Ad-Hoc|iPhone
		{B52DB1ED-CA31-429B-A461-DDB9CCFD35DB}.Ad-Hoc|x86.ActiveCfg = Ad-Hoc|iPhone
		{B52DB1ED-CA31-429B-A461-DDB9CCFD35DB}.AppStore|Any CPU.ActiveCfg = AppStore|iPhone
		{B52DB1ED-CA31-429B-A461-DDB9CCFD35DB}.AppStore|ARM.ActiveCfg = AppStore|iPhone
		{B52DB1ED-CA31-429B-A461-DDB9CCFD35DB}.AppStore|iPhone.ActiveCfg = AppStore|iPhone
		{B52DB1ED-CA31-429B-A461-DDB9CCFD35DB}.AppStore|iPhone.Build.0 = AppStore|iPhone
		{B52DB1ED-CA31-429B-A461-DDB9CCFD35DB}.AppStore|iPhoneSimulator.ActiveCfg = AppStore|iPhoneSimulator
		{B52DB1ED-CA31-429B-A461-DDB9CCFD35DB}.AppStore|iPhoneSimulator.Build.0 = AppStore|iPhoneSimulator
		{B52DB1ED-CA31-429B-A461-DDB9CCFD35DB}.AppStore|x64.ActiveCfg = AppStore|iPhone
		{B52DB1ED-CA31-429B-A461-DDB9CCFD35DB}.AppStore|x86.ActiveCfg = AppStore|iPhone
		{B52DB1ED-CA31-429B-A461-DDB9CCFD35DB}.Debug|Any CPU.ActiveCfg = Debug|iPhone
		{B52DB1ED-CA31-429B-A461-DDB9CCFD35DB}.Debug|Any CPU.Build.0 = Debug|iPhone
		{B52DB1ED-CA31-429B-A461-DDB9CCFD35DB}.Debug|ARM.ActiveCfg = Debug|iPhone
		{B52DB1ED-CA31-429B-A461-DDB9CCFD35DB}.Debug|iPhone.ActiveCfg = Debug|iPhone
		{B52DB1ED-CA31-429B-A461-DDB9CCFD35DB}.Debug|iPhone.Build.0 = Debug|iPhone
		{B52DB1ED-CA31-429B-A461-DDB9CCFD35DB}.Debug|iPhoneSimulator.ActiveCfg = Debug|iPhoneSimulator
		{B52DB1ED-CA31-429B-A461-DDB9CCFD35DB}.Debug|iPhoneSimulator.Build.0 = Debug|iPhoneSimulator
		{B52DB1ED-CA31-429B-A461-DDB9CCFD35DB}.Debug|x64.ActiveCfg = Debug|iPhone
		{B52DB1ED-CA31-429B-A461-DDB9CCFD35DB}.Debug|x86.ActiveCfg = Debug|iPhone
		{B52DB1ED-CA31-429B-A461-DDB9CCFD35DB}.Release|Any CPU.ActiveCfg = Release|iPhone
		{B52DB1ED-CA31-429B-A461-DDB9CCFD35DB}.Release|ARM.ActiveCfg = Release|iPhone
		{B52DB1ED-CA31-429B-A461-DDB9CCFD35DB}.Release|iPhone.ActiveCfg = Release|iPhone
		{B52DB1ED-CA31-429B-A461-DDB9CCFD35DB}.Release|iPhone.Build.0 = Release|iPhone
		{B52DB1ED-CA31-429B-A461-DDB9CCFD35DB}.Release|iPhoneSimulator.ActiveCfg = Release|iPhoneSimulator
		{B52DB1ED-CA31-429B-A461-DDB9CCFD35DB}.Release|iPhoneSimulator.Build.0 = Release|iPhoneSimulator
		{B52DB1ED-CA31-429B-A461-DDB9CCFD35DB}.Release|x64.ActiveCfg = Release|iPhone
		{B52DB1ED-CA31-429B-A461-DDB9CCFD35DB}.Release|x86.ActiveCfg = Release|iPhone
		{882F60AC-4614-4AA5-B0E2-C61BE77A730E}.Ad-Hoc|Any CPU.ActiveCfg = Release|Any CPU
		{882F60AC-4614-4AA5-B0E2-C61BE77A730E}.Ad-Hoc|Any CPU.Build.0 = Release|Any CPU
		{882F60AC-4614-4AA5-B0E2-C61BE77A730E}.Ad-Hoc|Any CPU.Deploy.0 = Release|Any CPU
		{882F60AC-4614-4AA5-B0E2-C61BE77A730E}.Ad-Hoc|ARM.ActiveCfg = Release|ARM
		{882F60AC-4614-4AA5-B0E2-C61BE77A730E}.Ad-Hoc|ARM.Build.0 = Release|ARM
		{882F60AC-4614-4AA5-B0E2-C61BE77A730E}.Ad-Hoc|ARM.Deploy.0 = Release|ARM
		{882F60AC-4614-4AA5-B0E2-C61BE77A730E}.Ad-Hoc|iPhone.ActiveCfg = Release|Any CPU
		{882F60AC-4614-4AA5-B0E2-C61BE77A730E}.Ad-Hoc|iPhone.Build.0 = Release|Any CPU
		{882F60AC-4614-4AA5-B0E2-C61BE77A730E}.Ad-Hoc|iPhone.Deploy.0 = Release|Any CPU
		{882F60AC-4614-4AA5-B0E2-C61BE77A730E}.Ad-Hoc|iPhoneSimulator.ActiveCfg = Release|Any CPU
		{882F60AC-4614-4AA5-B0E2-C61BE77A730E}.Ad-Hoc|iPhoneSimulator.Build.0 = Release|Any CPU
		{882F60AC-4614-4AA5-B0E2-C61BE77A730E}.Ad-Hoc|iPhoneSimulator.Deploy.0 = Release|Any CPU
		{882F60AC-4614-4AA5-B0E2-C61BE77A730E}.Ad-Hoc|x64.ActiveCfg = Release|Any CPU
		{882F60AC-4614-4AA5-B0E2-C61BE77A730E}.Ad-Hoc|x64.Build.0 = Release|Any CPU
		{882F60AC-4614-4AA5-B0E2-C61BE77A730E}.Ad-Hoc|x64.Deploy.0 = Release|Any CPU
		{882F60AC-4614-4AA5-B0E2-C61BE77A730E}.Ad-Hoc|x86.ActiveCfg = Release|x86
		{882F60AC-4614-4AA5-B0E2-C61BE77A730E}.Ad-Hoc|x86.Build.0 = Release|x86
		{882F60AC-4614-4AA5-B0E2-C61BE77A730E}.Ad-Hoc|x86.Deploy.0 = Release|x86
		{882F60AC-4614-4AA5-B0E2-C61BE77A730E}.AppStore|Any CPU.ActiveCfg = Release|Any CPU
		{882F60AC-4614-4AA5-B0E2-C61BE77A730E}.AppStore|Any CPU.Build.0 = Release|Any CPU
		{882F60AC-4614-4AA5-B0E2-C61BE77A730E}.AppStore|Any CPU.Deploy.0 = Release|Any CPU
		{882F60AC-4614-4AA5-B0E2-C61BE77A730E}.AppStore|ARM.ActiveCfg = Release|ARM
		{882F60AC-4614-4AA5-B0E2-C61BE77A730E}.AppStore|ARM.Build.0 = Release|ARM
		{882F60AC-4614-4AA5-B0E2-C61BE77A730E}.AppStore|ARM.Deploy.0 = Release|ARM
		{882F60AC-4614-4AA5-B0E2-C61BE77A730E}.AppStore|iPhone.ActiveCfg = Release|Any CPU
		{882F60AC-4614-4AA5-B0E2-C61BE77A730E}.AppStore|iPhone.Build.0 = Release|Any CPU
		{882F60AC-4614-4AA5-B0E2-C61BE77A730E}.AppStore|iPhone.Deploy.0 = Release|Any CPU
		{882F60AC-4614-4AA5-B0E2-C61BE77A730E}.AppStore|iPhoneSimulator.ActiveCfg = Release|Any CPU
		{882F60AC-4614-4AA5-B0E2-C61BE77A730E}.AppStore|iPhoneSimulator.Build.0 = Release|Any CPU
		{882F60AC-4614-4AA5-B0E2-C61BE77A730E}.AppStore|iPhoneSimulator.Deploy.0 = Release|Any CPU
		{882F60AC-4614-4AA5-B0E2-C61BE77A730E}.AppStore|x64.ActiveCfg = Release|Any CPU
		{882F60AC-4614-4AA5-B0E2-C61BE77A730E}.AppStore|x64.Build.0 = Release|Any CPU
		{882F60AC-4614-4AA5-B0E2-C61BE77A730E}.AppStore|x64.Deploy.0 = Release|Any CPU
		{882F60AC-4614-4AA5-B0E2-C61BE77A730E}.AppStore|x86.ActiveCfg = Release|x86
		{882F60AC-4614-4AA5-B0E2-C61BE77A730E}.AppStore|x86.Build.0 = Release|x86
		{882F60AC-4614-4AA5-B0E2-C61BE77A730E}.AppStore|x86.Deploy.0 = Release|x86
		{882F60AC-4614-4AA5-B0E2-C61BE77A730E}.Debug|Any CPU.ActiveCfg = Debug|Any CPU
		{882F60AC-4614-4AA5-B0E2-C61BE77A730E}.Debug|Any CPU.Build.0 = Debug|Any CPU
		{882F60AC-4614-4AA5-B0E2-C61BE77A730E}.Debug|Any CPU.Deploy.0 = Debug|Any CPU
		{882F60AC-4614-4AA5-B0E2-C61BE77A730E}.Debug|ARM.ActiveCfg = Debug|ARM
		{882F60AC-4614-4AA5-B0E2-C61BE77A730E}.Debug|ARM.Build.0 = Debug|ARM
		{882F60AC-4614-4AA5-B0E2-C61BE77A730E}.Debug|ARM.Deploy.0 = Debug|ARM
		{882F60AC-4614-4AA5-B0E2-C61BE77A730E}.Debug|iPhone.ActiveCfg = Debug|Any CPU
		{882F60AC-4614-4AA5-B0E2-C61BE77A730E}.Debug|iPhone.Build.0 = Debug|Any CPU
		{882F60AC-4614-4AA5-B0E2-C61BE77A730E}.Debug|iPhone.Deploy.0 = Debug|Any CPU
		{882F60AC-4614-4AA5-B0E2-C61BE77A730E}.Debug|iPhoneSimulator.ActiveCfg = Debug|Any CPU
		{882F60AC-4614-4AA5-B0E2-C61BE77A730E}.Debug|iPhoneSimulator.Build.0 = Debug|Any CPU
		{882F60AC-4614-4AA5-B0E2-C61BE77A730E}.Debug|iPhoneSimulator.Deploy.0 = Debug|Any CPU
		{882F60AC-4614-4AA5-B0E2-C61BE77A730E}.Debug|x64.ActiveCfg = Debug|Any CPU
		{882F60AC-4614-4AA5-B0E2-C61BE77A730E}.Debug|x64.Build.0 = Debug|Any CPU
		{882F60AC-4614-4AA5-B0E2-C61BE77A730E}.Debug|x64.Deploy.0 = Debug|Any CPU
		{882F60AC-4614-4AA5-B0E2-C61BE77A730E}.Debug|x86.ActiveCfg = Debug|x86
		{882F60AC-4614-4AA5-B0E2-C61BE77A730E}.Debug|x86.Build.0 = Debug|x86
		{882F60AC-4614-4AA5-B0E2-C61BE77A730E}.Debug|x86.Deploy.0 = Debug|x86
		{882F60AC-4614-4AA5-B0E2-C61BE77A730E}.Release|Any CPU.ActiveCfg = Release|Any CPU
		{882F60AC-4614-4AA5-B0E2-C61BE77A730E}.Release|Any CPU.Build.0 = Release|Any CPU
		{882F60AC-4614-4AA5-B0E2-C61BE77A730E}.Release|Any CPU.Deploy.0 = Release|Any CPU
		{882F60AC-4614-4AA5-B0E2-C61BE77A730E}.Release|ARM.ActiveCfg = Release|ARM
		{882F60AC-4614-4AA5-B0E2-C61BE77A730E}.Release|ARM.Build.0 = Release|ARM
		{882F60AC-4614-4AA5-B0E2-C61BE77A730E}.Release|ARM.Deploy.0 = Release|ARM
		{882F60AC-4614-4AA5-B0E2-C61BE77A730E}.Release|iPhone.ActiveCfg = Release|Any CPU
		{882F60AC-4614-4AA5-B0E2-C61BE77A730E}.Release|iPhone.Build.0 = Release|Any CPU
		{882F60AC-4614-4AA5-B0E2-C61BE77A730E}.Release|iPhone.Deploy.0 = Release|Any CPU
		{882F60AC-4614-4AA5-B0E2-C61BE77A730E}.Release|iPhoneSimulator.ActiveCfg = Release|Any CPU
		{882F60AC-4614-4AA5-B0E2-C61BE77A730E}.Release|iPhoneSimulator.Build.0 = Release|Any CPU
		{882F60AC-4614-4AA5-B0E2-C61BE77A730E}.Release|iPhoneSimulator.Deploy.0 = Release|Any CPU
		{882F60AC-4614-4AA5-B0E2-C61BE77A730E}.Release|x64.ActiveCfg = Release|Any CPU
		{882F60AC-4614-4AA5-B0E2-C61BE77A730E}.Release|x64.Build.0 = Release|Any CPU
		{882F60AC-4614-4AA5-B0E2-C61BE77A730E}.Release|x64.Deploy.0 = Release|Any CPU
		{882F60AC-4614-4AA5-B0E2-C61BE77A730E}.Release|x86.ActiveCfg = Release|x86
		{882F60AC-4614-4AA5-B0E2-C61BE77A730E}.Release|x86.Build.0 = Release|x86
		{882F60AC-4614-4AA5-B0E2-C61BE77A730E}.Release|x86.Deploy.0 = Release|x86
		{BAC97011-C3D2-4B77-9618-73DE5306BC3F}.Ad-Hoc|Any CPU.ActiveCfg = Release|x86
		{BAC97011-C3D2-4B77-9618-73DE5306BC3F}.Ad-Hoc|Any CPU.Build.0 = Release|x86
		{BAC97011-C3D2-4B77-9618-73DE5306BC3F}.Ad-Hoc|Any CPU.Deploy.0 = Release|x86
		{BAC97011-C3D2-4B77-9618-73DE5306BC3F}.Ad-Hoc|ARM.ActiveCfg = Release|ARM
		{BAC97011-C3D2-4B77-9618-73DE5306BC3F}.Ad-Hoc|ARM.Build.0 = Release|ARM
		{BAC97011-C3D2-4B77-9618-73DE5306BC3F}.Ad-Hoc|ARM.Deploy.0 = Release|ARM
		{BAC97011-C3D2-4B77-9618-73DE5306BC3F}.Ad-Hoc|iPhone.ActiveCfg = Release|x86
		{BAC97011-C3D2-4B77-9618-73DE5306BC3F}.Ad-Hoc|iPhone.Build.0 = Release|x86
		{BAC97011-C3D2-4B77-9618-73DE5306BC3F}.Ad-Hoc|iPhone.Deploy.0 = Release|x86
		{BAC97011-C3D2-4B77-9618-73DE5306BC3F}.Ad-Hoc|iPhoneSimulator.ActiveCfg = Release|x86
		{BAC97011-C3D2-4B77-9618-73DE5306BC3F}.Ad-Hoc|iPhoneSimulator.Build.0 = Release|x86
		{BAC97011-C3D2-4B77-9618-73DE5306BC3F}.Ad-Hoc|iPhoneSimulator.Deploy.0 = Release|x86
		{BAC97011-C3D2-4B77-9618-73DE5306BC3F}.Ad-Hoc|x64.ActiveCfg = Release|x64
		{BAC97011-C3D2-4B77-9618-73DE5306BC3F}.Ad-Hoc|x64.Build.0 = Release|x64
		{BAC97011-C3D2-4B77-9618-73DE5306BC3F}.Ad-Hoc|x64.Deploy.0 = Release|x64
		{BAC97011-C3D2-4B77-9618-73DE5306BC3F}.Ad-Hoc|x86.ActiveCfg = Release|x86
		{BAC97011-C3D2-4B77-9618-73DE5306BC3F}.Ad-Hoc|x86.Build.0 = Release|x86
		{BAC97011-C3D2-4B77-9618-73DE5306BC3F}.Ad-Hoc|x86.Deploy.0 = Release|x86
		{BAC97011-C3D2-4B77-9618-73DE5306BC3F}.AppStore|Any CPU.ActiveCfg = Release|x86
		{BAC97011-C3D2-4B77-9618-73DE5306BC3F}.AppStore|Any CPU.Build.0 = Release|x86
		{BAC97011-C3D2-4B77-9618-73DE5306BC3F}.AppStore|Any CPU.Deploy.0 = Release|x86
		{BAC97011-C3D2-4B77-9618-73DE5306BC3F}.AppStore|ARM.ActiveCfg = Release|ARM
		{BAC97011-C3D2-4B77-9618-73DE5306BC3F}.AppStore|ARM.Build.0 = Release|ARM
		{BAC97011-C3D2-4B77-9618-73DE5306BC3F}.AppStore|ARM.Deploy.0 = Release|ARM
		{BAC97011-C3D2-4B77-9618-73DE5306BC3F}.AppStore|iPhone.ActiveCfg = Release|x86
		{BAC97011-C3D2-4B77-9618-73DE5306BC3F}.AppStore|iPhone.Build.0 = Release|x86
		{BAC97011-C3D2-4B77-9618-73DE5306BC3F}.AppStore|iPhone.Deploy.0 = Release|x86
		{BAC97011-C3D2-4B77-9618-73DE5306BC3F}.AppStore|iPhoneSimulator.ActiveCfg = Release|x86
		{BAC97011-C3D2-4B77-9618-73DE5306BC3F}.AppStore|iPhoneSimulator.Build.0 = Release|x86
		{BAC97011-C3D2-4B77-9618-73DE5306BC3F}.AppStore|iPhoneSimulator.Deploy.0 = Release|x86
		{BAC97011-C3D2-4B77-9618-73DE5306BC3F}.AppStore|x64.ActiveCfg = Release|x64
		{BAC97011-C3D2-4B77-9618-73DE5306BC3F}.AppStore|x64.Build.0 = Release|x64
		{BAC97011-C3D2-4B77-9618-73DE5306BC3F}.AppStore|x64.Deploy.0 = Release|x64
		{BAC97011-C3D2-4B77-9618-73DE5306BC3F}.AppStore|x86.ActiveCfg = Release|x86
		{BAC97011-C3D2-4B77-9618-73DE5306BC3F}.AppStore|x86.Build.0 = Release|x86
		{BAC97011-C3D2-4B77-9618-73DE5306BC3F}.AppStore|x86.Deploy.0 = Release|x86
		{BAC97011-C3D2-4B77-9618-73DE5306BC3F}.Debug|Any CPU.ActiveCfg = Debug|x86
		{BAC97011-C3D2-4B77-9618-73DE5306BC3F}.Debug|Any CPU.Build.0 = Debug|x86
		{BAC97011-C3D2-4B77-9618-73DE5306BC3F}.Debug|Any CPU.Deploy.0 = Debug|x86
		{BAC97011-C3D2-4B77-9618-73DE5306BC3F}.Debug|ARM.ActiveCfg = Debug|ARM
		{BAC97011-C3D2-4B77-9618-73DE5306BC3F}.Debug|ARM.Build.0 = Debug|ARM
		{BAC97011-C3D2-4B77-9618-73DE5306BC3F}.Debug|ARM.Deploy.0 = Debug|ARM
		{BAC97011-C3D2-4B77-9618-73DE5306BC3F}.Debug|iPhone.ActiveCfg = Debug|x86
		{BAC97011-C3D2-4B77-9618-73DE5306BC3F}.Debug|iPhoneSimulator.ActiveCfg = Debug|x86
		{BAC97011-C3D2-4B77-9618-73DE5306BC3F}.Debug|x64.ActiveCfg = Debug|x64
		{BAC97011-C3D2-4B77-9618-73DE5306BC3F}.Debug|x64.Build.0 = Debug|x64
		{BAC97011-C3D2-4B77-9618-73DE5306BC3F}.Debug|x64.Deploy.0 = Debug|x64
		{BAC97011-C3D2-4B77-9618-73DE5306BC3F}.Debug|x86.ActiveCfg = Debug|x86
		{BAC97011-C3D2-4B77-9618-73DE5306BC3F}.Debug|x86.Build.0 = Debug|x86
		{BAC97011-C3D2-4B77-9618-73DE5306BC3F}.Debug|x86.Deploy.0 = Debug|x86
		{BAC97011-C3D2-4B77-9618-73DE5306BC3F}.Release|Any CPU.ActiveCfg = Release|x86
		{BAC97011-C3D2-4B77-9618-73DE5306BC3F}.Release|ARM.ActiveCfg = Release|ARM
		{BAC97011-C3D2-4B77-9618-73DE5306BC3F}.Release|ARM.Build.0 = Release|ARM
		{BAC97011-C3D2-4B77-9618-73DE5306BC3F}.Release|ARM.Deploy.0 = Release|ARM
		{BAC97011-C3D2-4B77-9618-73DE5306BC3F}.Release|iPhone.ActiveCfg = Release|x86
		{BAC97011-C3D2-4B77-9618-73DE5306BC3F}.Release|iPhoneSimulator.ActiveCfg = Release|x86
		{BAC97011-C3D2-4B77-9618-73DE5306BC3F}.Release|x64.ActiveCfg = Release|x64
		{BAC97011-C3D2-4B77-9618-73DE5306BC3F}.Release|x64.Build.0 = Release|x64
		{BAC97011-C3D2-4B77-9618-73DE5306BC3F}.Release|x64.Deploy.0 = Release|x64
		{BAC97011-C3D2-4B77-9618-73DE5306BC3F}.Release|x86.ActiveCfg = Release|x86
		{BAC97011-C3D2-4B77-9618-73DE5306BC3F}.Release|x86.Build.0 = Release|x86
		{BAC97011-C3D2-4B77-9618-73DE5306BC3F}.Release|x86.Deploy.0 = Release|x86
		{15069747-8F2B-4DAC-8E37-3B4952F2E627}.Ad-Hoc|Any CPU.ActiveCfg = Release|Any CPU
		{15069747-8F2B-4DAC-8E37-3B4952F2E627}.Ad-Hoc|Any CPU.Build.0 = Release|Any CPU
		{15069747-8F2B-4DAC-8E37-3B4952F2E627}.Ad-Hoc|Any CPU.Deploy.0 = Release|Any CPU
		{15069747-8F2B-4DAC-8E37-3B4952F2E627}.Ad-Hoc|ARM.ActiveCfg = Release|ARM
		{15069747-8F2B-4DAC-8E37-3B4952F2E627}.Ad-Hoc|ARM.Build.0 = Release|ARM
		{15069747-8F2B-4DAC-8E37-3B4952F2E627}.Ad-Hoc|ARM.Deploy.0 = Release|ARM
		{15069747-8F2B-4DAC-8E37-3B4952F2E627}.Ad-Hoc|iPhone.ActiveCfg = Release|Any CPU
		{15069747-8F2B-4DAC-8E37-3B4952F2E627}.Ad-Hoc|iPhone.Build.0 = Release|Any CPU
		{15069747-8F2B-4DAC-8E37-3B4952F2E627}.Ad-Hoc|iPhone.Deploy.0 = Release|Any CPU
		{15069747-8F2B-4DAC-8E37-3B4952F2E627}.Ad-Hoc|iPhoneSimulator.ActiveCfg = Release|Any CPU
		{15069747-8F2B-4DAC-8E37-3B4952F2E627}.Ad-Hoc|iPhoneSimulator.Build.0 = Release|Any CPU
		{15069747-8F2B-4DAC-8E37-3B4952F2E627}.Ad-Hoc|iPhoneSimulator.Deploy.0 = Release|Any CPU
		{15069747-8F2B-4DAC-8E37-3B4952F2E627}.Ad-Hoc|x64.ActiveCfg = Release|x64
		{15069747-8F2B-4DAC-8E37-3B4952F2E627}.Ad-Hoc|x64.Build.0 = Release|x64
		{15069747-8F2B-4DAC-8E37-3B4952F2E627}.Ad-Hoc|x64.Deploy.0 = Release|x64
		{15069747-8F2B-4DAC-8E37-3B4952F2E627}.Ad-Hoc|x86.ActiveCfg = Release|x86
		{15069747-8F2B-4DAC-8E37-3B4952F2E627}.Ad-Hoc|x86.Build.0 = Release|x86
		{15069747-8F2B-4DAC-8E37-3B4952F2E627}.Ad-Hoc|x86.Deploy.0 = Release|x86
		{15069747-8F2B-4DAC-8E37-3B4952F2E627}.AppStore|Any CPU.ActiveCfg = Release|Any CPU
		{15069747-8F2B-4DAC-8E37-3B4952F2E627}.AppStore|Any CPU.Build.0 = Release|Any CPU
		{15069747-8F2B-4DAC-8E37-3B4952F2E627}.AppStore|Any CPU.Deploy.0 = Release|Any CPU
		{15069747-8F2B-4DAC-8E37-3B4952F2E627}.AppStore|ARM.ActiveCfg = Release|ARM
		{15069747-8F2B-4DAC-8E37-3B4952F2E627}.AppStore|ARM.Build.0 = Release|ARM
		{15069747-8F2B-4DAC-8E37-3B4952F2E627}.AppStore|ARM.Deploy.0 = Release|ARM
		{15069747-8F2B-4DAC-8E37-3B4952F2E627}.AppStore|iPhone.ActiveCfg = Release|Any CPU
		{15069747-8F2B-4DAC-8E37-3B4952F2E627}.AppStore|iPhone.Build.0 = Release|Any CPU
		{15069747-8F2B-4DAC-8E37-3B4952F2E627}.AppStore|iPhone.Deploy.0 = Release|Any CPU
		{15069747-8F2B-4DAC-8E37-3B4952F2E627}.AppStore|iPhoneSimulator.ActiveCfg = Release|Any CPU
		{15069747-8F2B-4DAC-8E37-3B4952F2E627}.AppStore|iPhoneSimulator.Build.0 = Release|Any CPU
		{15069747-8F2B-4DAC-8E37-3B4952F2E627}.AppStore|iPhoneSimulator.Deploy.0 = Release|Any CPU
		{15069747-8F2B-4DAC-8E37-3B4952F2E627}.AppStore|x64.ActiveCfg = Release|x64
		{15069747-8F2B-4DAC-8E37-3B4952F2E627}.AppStore|x64.Build.0 = Release|x64
		{15069747-8F2B-4DAC-8E37-3B4952F2E627}.AppStore|x64.Deploy.0 = Release|x64
		{15069747-8F2B-4DAC-8E37-3B4952F2E627}.AppStore|x86.ActiveCfg = Release|x86
		{15069747-8F2B-4DAC-8E37-3B4952F2E627}.AppStore|x86.Build.0 = Release|x86
		{15069747-8F2B-4DAC-8E37-3B4952F2E627}.AppStore|x86.Deploy.0 = Release|x86
		{15069747-8F2B-4DAC-8E37-3B4952F2E627}.Debug|Any CPU.ActiveCfg = Debug|Any CPU
		{15069747-8F2B-4DAC-8E37-3B4952F2E627}.Debug|Any CPU.Build.0 = Debug|Any CPU
		{15069747-8F2B-4DAC-8E37-3B4952F2E627}.Debug|Any CPU.Deploy.0 = Debug|Any CPU
		{15069747-8F2B-4DAC-8E37-3B4952F2E627}.Debug|ARM.ActiveCfg = Debug|ARM
		{15069747-8F2B-4DAC-8E37-3B4952F2E627}.Debug|ARM.Build.0 = Debug|ARM
		{15069747-8F2B-4DAC-8E37-3B4952F2E627}.Debug|ARM.Deploy.0 = Debug|ARM
		{15069747-8F2B-4DAC-8E37-3B4952F2E627}.Debug|iPhone.ActiveCfg = Debug|Any CPU
		{15069747-8F2B-4DAC-8E37-3B4952F2E627}.Debug|iPhone.Build.0 = Debug|Any CPU
		{15069747-8F2B-4DAC-8E37-3B4952F2E627}.Debug|iPhone.Deploy.0 = Debug|Any CPU
		{15069747-8F2B-4DAC-8E37-3B4952F2E627}.Debug|iPhoneSimulator.ActiveCfg = Debug|Any CPU
		{15069747-8F2B-4DAC-8E37-3B4952F2E627}.Debug|iPhoneSimulator.Build.0 = Debug|Any CPU
		{15069747-8F2B-4DAC-8E37-3B4952F2E627}.Debug|iPhoneSimulator.Deploy.0 = Debug|Any CPU
		{15069747-8F2B-4DAC-8E37-3B4952F2E627}.Debug|x64.ActiveCfg = Debug|x64
		{15069747-8F2B-4DAC-8E37-3B4952F2E627}.Debug|x64.Build.0 = Debug|x64
		{15069747-8F2B-4DAC-8E37-3B4952F2E627}.Debug|x64.Deploy.0 = Debug|x64
		{15069747-8F2B-4DAC-8E37-3B4952F2E627}.Debug|x86.ActiveCfg = Debug|x86
		{15069747-8F2B-4DAC-8E37-3B4952F2E627}.Debug|x86.Build.0 = Debug|x86
		{15069747-8F2B-4DAC-8E37-3B4952F2E627}.Debug|x86.Deploy.0 = Debug|x86
		{15069747-8F2B-4DAC-8E37-3B4952F2E627}.Release|Any CPU.ActiveCfg = Release|Any CPU
		{15069747-8F2B-4DAC-8E37-3B4952F2E627}.Release|Any CPU.Build.0 = Release|Any CPU
		{15069747-8F2B-4DAC-8E37-3B4952F2E627}.Release|Any CPU.Deploy.0 = Release|Any CPU
		{15069747-8F2B-4DAC-8E37-3B4952F2E627}.Release|ARM.ActiveCfg = Release|ARM
		{15069747-8F2B-4DAC-8E37-3B4952F2E627}.Release|ARM.Build.0 = Release|ARM
		{15069747-8F2B-4DAC-8E37-3B4952F2E627}.Release|ARM.Deploy.0 = Release|ARM
		{15069747-8F2B-4DAC-8E37-3B4952F2E627}.Release|iPhone.ActiveCfg = Release|Any CPU
		{15069747-8F2B-4DAC-8E37-3B4952F2E627}.Release|iPhone.Build.0 = Release|Any CPU
		{15069747-8F2B-4DAC-8E37-3B4952F2E627}.Release|iPhone.Deploy.0 = Release|Any CPU
		{15069747-8F2B-4DAC-8E37-3B4952F2E627}.Release|iPhoneSimulator.ActiveCfg = Release|Any CPU
		{15069747-8F2B-4DAC-8E37-3B4952F2E627}.Release|iPhoneSimulator.Build.0 = Release|Any CPU
		{15069747-8F2B-4DAC-8E37-3B4952F2E627}.Release|iPhoneSimulator.Deploy.0 = Release|Any CPU
		{15069747-8F2B-4DAC-8E37-3B4952F2E627}.Release|x64.ActiveCfg = Release|x64
		{15069747-8F2B-4DAC-8E37-3B4952F2E627}.Release|x64.Build.0 = Release|x64
		{15069747-8F2B-4DAC-8E37-3B4952F2E627}.Release|x64.Deploy.0 = Release|x64
		{15069747-8F2B-4DAC-8E37-3B4952F2E627}.Release|x86.ActiveCfg = Release|x86
		{15069747-8F2B-4DAC-8E37-3B4952F2E627}.Release|x86.Build.0 = Release|x86
		{15069747-8F2B-4DAC-8E37-3B4952F2E627}.Release|x86.Deploy.0 = Release|x86
	EndGlobalSection
	GlobalSection(SolutionProperties) = preSolution
		HideSolutionNode = FALSE
	EndGlobalSection
EndGlobal
