
Microsoft Visual Studio Solution File, Format Version 12.00
# Visual Studio 14
VisualStudioVersion = 14.0.25420.1
MinimumVisualStudioVersion = 10.0.40219.1
Project("{FAE04EC0-301F-11D3-BF4B-00C04F79EFBC}") = "LayoutsDemo", "LayoutsDemo\LayoutsDemo\LayoutsDemo.csproj", "{F2F3594B-D08A-40B6-9C55-EBC4DEC7CC8E}"
EndProject
Project("{FAE04EC0-301F-11D3-BF4B-00C04F79EFBC}") = "LayoutsDemo.Droid", "LayoutsDemo\LayoutsDemo.Droid\LayoutsDemo.Droid.csproj", "{64B7AE39-7A2F-4790-9D5C-F0FEE5C16E05}"
EndProject
Project("{FAE04EC0-301F-11D3-BF4B-00C04F79EFBC}") = "LayoutsDemo.iOS", "LayoutsDemo\LayoutsDemo.iOS\LayoutsDemo.iOS.csproj", "{F4CE4E99-9999-4DCC-AAA4-5E9015631759}"
EndProject
Project("{FAE04EC0-301F-11D3-BF4B-00C04F79EFBC}") = "LayoutsDemo.WinPhone", "LayoutsDemo\LayoutsDemo.WinPhone\LayoutsDemo.WinPhone.csproj", "{0754CB69-0740-4F97-8990-1D66AEF94808}"
EndProject
Project("{FAE04EC0-301F-11D3-BF4B-00C04F79EFBC}") = "LayoutsDemo.UWP", "LayoutsDemo\LayoutsDemo.UWP\LayoutsDemo.UWP.csproj", "{593D30E4-76A2-41F5-86FC-AA18E706D62A}"
EndProject
Project("{FAE04EC0-301F-11D3-BF4B-00C04F79EFBC}") = "LayoutsDemo.Windows", "LayoutsDemo\LayoutsDemo.Windows\LayoutsDemo.Windows.csproj", "{86B58F3D-09A1-4429-A049-32DB41B2932E}"
EndProject
Global
	GlobalSection(SolutionConfigurationPlatforms) = preSolution
		Ad-Hoc|Any CPU = Ad-Hoc|Any CPU
		Ad-Hoc|ARM = Ad-Hoc|ARM
		Ad-Hoc|iPhone = Ad-Hoc|iPhone
		Ad-Hoc|iPhoneSimulator = Ad-Hoc|iPhoneSimulator
		Ad-Hoc|x64 = Ad-Hoc|x64
		Ad-Hoc|x86 = Ad-Hoc|x86
		AppStore|Any CPU = AppStore|Any CPU
		AppStore|ARM = AppStore|ARM
		AppStore|iPhone = AppStore|iPhone
		AppStore|iPhoneSimulator = AppStore|iPhoneSimulator
		AppStore|x64 = AppStore|x64
		AppStore|x86 = AppStore|x86
		Debug|Any CPU = Debug|Any CPU
		Debug|ARM = Debug|ARM
		Debug|iPhone = Debug|iPhone
		Debug|iPhoneSimulator = Debug|iPhoneSimulator
		Debug|x64 = Debug|x64
		Debug|x86 = Debug|x86
		Release|Any CPU = Release|Any CPU
		Release|ARM = Release|ARM
		Release|iPhone = Release|iPhone
		Release|iPhoneSimulator = Release|iPhoneSimulator
		Release|x64 = Release|x64
		Release|x86 = Release|x86
	EndGlobalSection
	GlobalSection(ProjectConfigurationPlatforms) = postSolution
		{F2F3594B-D08A-40B6-9C55-EBC4DEC7CC8E}.Ad-Hoc|Any CPU.ActiveCfg = Release|Any CPU
		{F2F3594B-D08A-40B6-9C55-EBC4DEC7CC8E}.Ad-Hoc|Any CPU.Build.0 = Release|Any CPU
		{F2F3594B-D08A-40B6-9C55-EBC4DEC7CC8E}.Ad-Hoc|ARM.ActiveCfg = Release|Any CPU
		{F2F3594B-D08A-40B6-9C55-EBC4DEC7CC8E}.Ad-Hoc|ARM.Build.0 = Release|Any CPU
		{F2F3594B-D08A-40B6-9C55-EBC4DEC7CC8E}.Ad-Hoc|iPhone.ActiveCfg = Release|Any CPU
		{F2F3594B-D08A-40B6-9C55-EBC4DEC7CC8E}.Ad-Hoc|iPhone.Build.0 = Release|Any CPU
		{F2F3594B-D08A-40B6-9C55-EBC4DEC7CC8E}.Ad-Hoc|iPhoneSimulator.ActiveCfg = Release|Any CPU
		{F2F3594B-D08A-40B6-9C55-EBC4DEC7CC8E}.Ad-Hoc|iPhoneSimulator.Build.0 = Release|Any CPU
		{F2F3594B-D08A-40B6-9C55-EBC4DEC7CC8E}.Ad-Hoc|x64.ActiveCfg = Release|Any CPU
		{F2F3594B-D08A-40B6-9C55-EBC4DEC7CC8E}.Ad-Hoc|x64.Build.0 = Release|Any CPU
		{F2F3594B-D08A-40B6-9C55-EBC4DEC7CC8E}.Ad-Hoc|x86.ActiveCfg = Release|Any CPU
		{F2F3594B-D08A-40B6-9C55-EBC4DEC7CC8E}.Ad-Hoc|x86.Build.0 = Release|Any CPU
		{F2F3594B-D08A-40B6-9C55-EBC4DEC7CC8E}.AppStore|Any CPU.ActiveCfg = Release|Any CPU
		{F2F3594B-D08A-40B6-9C55-EBC4DEC7CC8E}.AppStore|Any CPU.Build.0 = Release|Any CPU
		{F2F3594B-D08A-40B6-9C55-EBC4DEC7CC8E}.AppStore|ARM.ActiveCfg = Release|Any CPU
		{F2F3594B-D08A-40B6-9C55-EBC4DEC7CC8E}.AppStore|ARM.Build.0 = Release|Any CPU
		{F2F3594B-D08A-40B6-9C55-EBC4DEC7CC8E}.AppStore|iPhone.ActiveCfg = Release|Any CPU
		{F2F3594B-D08A-40B6-9C55-EBC4DEC7CC8E}.AppStore|iPhone.Build.0 = Release|Any CPU
		{F2F3594B-D08A-40B6-9C55-EBC4DEC7CC8E}.AppStore|iPhoneSimulator.ActiveCfg = Release|Any CPU
		{F2F3594B-D08A-40B6-9C55-EBC4DEC7CC8E}.AppStore|iPhoneSimulator.Build.0 = Release|Any CPU
		{F2F3594B-D08A-40B6-9C55-EBC4DEC7CC8E}.AppStore|x64.ActiveCfg = Release|Any CPU
		{F2F3594B-D08A-40B6-9C55-EBC4DEC7CC8E}.AppStore|x64.Build.0 = Release|Any CPU
		{F2F3594B-D08A-40B6-9C55-EBC4DEC7CC8E}.AppStore|x86.ActiveCfg = Release|Any CPU
		{F2F3594B-D08A-40B6-9C55-EBC4DEC7CC8E}.AppStore|x86.Build.0 = Release|Any CPU
		{F2F3594B-D08A-40B6-9C55-EBC4DEC7CC8E}.Debug|Any CPU.ActiveCfg = Debug|Any CPU
		{F2F3594B-D08A-40B6-9C55-EBC4DEC7CC8E}.Debug|Any CPU.Build.0 = Debug|Any CPU
		{F2F3594B-D08A-40B6-9C55-EBC4DEC7CC8E}.Debug|ARM.ActiveCfg = Debug|Any CPU
		{F2F3594B-D08A-40B6-9C55-EBC4DEC7CC8E}.Debug|ARM.Build.0 = Debug|Any CPU
		{F2F3594B-D08A-40B6-9C55-EBC4DEC7CC8E}.Debug|iPhone.ActiveCfg = Debug|Any CPU
		{F2F3594B-D08A-40B6-9C55-EBC4DEC7CC8E}.Debug|iPhone.Build.0 = Debug|Any CPU
		{F2F3594B-D08A-40B6-9C55-EBC4DEC7CC8E}.Debug|iPhoneSimulator.ActiveCfg = Debug|Any CPU
		{F2F3594B-D08A-40B6-9C55-EBC4DEC7CC8E}.Debug|iPhoneSimulator.Build.0 = Debug|Any CPU
		{F2F3594B-D08A-40B6-9C55-EBC4DEC7CC8E}.Debug|x64.ActiveCfg = Debug|Any CPU
		{F2F3594B-D08A-40B6-9C55-EBC4DEC7CC8E}.Debug|x64.Build.0 = Debug|Any CPU
		{F2F3594B-D08A-40B6-9C55-EBC4DEC7CC8E}.Debug|x86.ActiveCfg = Debug|Any CPU
		{F2F3594B-D08A-40B6-9C55-EBC4DEC7CC8E}.Debug|x86.Build.0 = Debug|Any CPU
		{F2F3594B-D08A-40B6-9C55-EBC4DEC7CC8E}.Release|Any CPU.ActiveCfg = Release|Any CPU
		{F2F3594B-D08A-40B6-9C55-EBC4DEC7CC8E}.Release|Any CPU.Build.0 = Release|Any CPU
		{F2F3594B-D08A-40B6-9C55-EBC4DEC7CC8E}.Release|ARM.ActiveCfg = Release|Any CPU
		{F2F3594B-D08A-40B6-9C55-EBC4DEC7CC8E}.Release|ARM.Build.0 = Release|Any CPU
		{F2F3594B-D08A-40B6-9C55-EBC4DEC7CC8E}.Release|iPhone.ActiveCfg = Release|Any CPU
		{F2F3594B-D08A-40B6-9C55-EBC4DEC7CC8E}.Release|iPhone.Build.0 = Release|Any CPU
		{F2F3594B-D08A-40B6-9C55-EBC4DEC7CC8E}.Release|iPhoneSimulator.ActiveCfg = Release|Any CPU
		{F2F3594B-D08A-40B6-9C55-EBC4DEC7CC8E}.Release|iPhoneSimulator.Build.0 = Release|Any CPU
		{F2F3594B-D08A-40B6-9C55-EBC4DEC7CC8E}.Release|x64.ActiveCfg = Release|Any CPU
		{F2F3594B-D08A-40B6-9C55-EBC4DEC7CC8E}.Release|x64.Build.0 = Release|Any CPU
		{F2F3594B-D08A-40B6-9C55-EBC4DEC7CC8E}.Release|x86.ActiveCfg = Release|Any CPU
		{F2F3594B-D08A-40B6-9C55-EBC4DEC7CC8E}.Release|x86.Build.0 = Release|Any CPU
		{64B7AE39-7A2F-4790-9D5C-F0FEE5C16E05}.Ad-Hoc|Any CPU.ActiveCfg = Release|Any CPU
		{64B7AE39-7A2F-4790-9D5C-F0FEE5C16E05}.Ad-Hoc|Any CPU.Build.0 = Release|Any CPU
		{64B7AE39-7A2F-4790-9D5C-F0FEE5C16E05}.Ad-Hoc|Any CPU.Deploy.0 = Release|Any CPU
		{64B7AE39-7A2F-4790-9D5C-F0FEE5C16E05}.Ad-Hoc|ARM.ActiveCfg = Release|Any CPU
		{64B7AE39-7A2F-4790-9D5C-F0FEE5C16E05}.Ad-Hoc|ARM.Build.0 = Release|Any CPU
		{64B7AE39-7A2F-4790-9D5C-F0FEE5C16E05}.Ad-Hoc|ARM.Deploy.0 = Release|Any CPU
		{64B7AE39-7A2F-4790-9D5C-F0FEE5C16E05}.Ad-Hoc|iPhone.ActiveCfg = Release|Any CPU
		{64B7AE39-7A2F-4790-9D5C-F0FEE5C16E05}.Ad-Hoc|iPhone.Build.0 = Release|Any CPU
		{64B7AE39-7A2F-4790-9D5C-F0FEE5C16E05}.Ad-Hoc|iPhone.Deploy.0 = Release|Any CPU
		{64B7AE39-7A2F-4790-9D5C-F0FEE5C16E05}.Ad-Hoc|iPhoneSimulator.ActiveCfg = Release|Any CPU
		{64B7AE39-7A2F-4790-9D5C-F0FEE5C16E05}.Ad-Hoc|iPhoneSimulator.Build.0 = Release|Any CPU
		{64B7AE39-7A2F-4790-9D5C-F0FEE5C16E05}.Ad-Hoc|iPhoneSimulator.Deploy.0 = Release|Any CPU
		{64B7AE39-7A2F-4790-9D5C-F0FEE5C16E05}.Ad-Hoc|x64.ActiveCfg = Release|Any CPU
		{64B7AE39-7A2F-4790-9D5C-F0FEE5C16E05}.Ad-Hoc|x64.Build.0 = Release|Any CPU
		{64B7AE39-7A2F-4790-9D5C-F0FEE5C16E05}.Ad-Hoc|x64.Deploy.0 = Release|Any CPU
		{64B7AE39-7A2F-4790-9D5C-F0FEE5C16E05}.Ad-Hoc|x86.ActiveCfg = Release|Any CPU
		{64B7AE39-7A2F-4790-9D5C-F0FEE5C16E05}.Ad-Hoc|x86.Build.0 = Release|Any CPU
		{64B7AE39-7A2F-4790-9D5C-F0FEE5C16E05}.Ad-Hoc|x86.Deploy.0 = Release|Any CPU
		{64B7AE39-7A2F-4790-9D5C-F0FEE5C16E05}.AppStore|Any CPU.ActiveCfg = Release|Any CPU
		{64B7AE39-7A2F-4790-9D5C-F0FEE5C16E05}.AppStore|Any CPU.Build.0 = Release|Any CPU
		{64B7AE39-7A2F-4790-9D5C-F0FEE5C16E05}.AppStore|Any CPU.Deploy.0 = Release|Any CPU
		{64B7AE39-7A2F-4790-9D5C-F0FEE5C16E05}.AppStore|ARM.ActiveCfg = Release|Any CPU
		{64B7AE39-7A2F-4790-9D5C-F0FEE5C16E05}.AppStore|ARM.Build.0 = Release|Any CPU
		{64B7AE39-7A2F-4790-9D5C-F0FEE5C16E05}.AppStore|ARM.Deploy.0 = Release|Any CPU
		{64B7AE39-7A2F-4790-9D5C-F0FEE5C16E05}.AppStore|iPhone.ActiveCfg = Release|Any CPU
		{64B7AE39-7A2F-4790-9D5C-F0FEE5C16E05}.AppStore|iPhone.Build.0 = Release|Any CPU
		{64B7AE39-7A2F-4790-9D5C-F0FEE5C16E05}.AppStore|iPhone.Deploy.0 = Release|Any CPU
		{64B7AE39-7A2F-4790-9D5C-F0FEE5C16E05}.AppStore|iPhoneSimulator.ActiveCfg = Release|Any CPU
		{64B7AE39-7A2F-4790-9D5C-F0FEE5C16E05}.AppStore|iPhoneSimulator.Build.0 = Release|Any CPU
		{64B7AE39-7A2F-4790-9D5C-F0FEE5C16E05}.AppStore|iPhoneSimulator.Deploy.0 = Release|Any CPU
		{64B7AE39-7A2F-4790-9D5C-F0FEE5C16E05}.AppStore|x64.ActiveCfg = Release|Any CPU
		{64B7AE39-7A2F-4790-9D5C-F0FEE5C16E05}.AppStore|x64.Build.0 = Release|Any CPU
		{64B7AE39-7A2F-4790-9D5C-F0FEE5C16E05}.AppStore|x64.Deploy.0 = Release|Any CPU
		{64B7AE39-7A2F-4790-9D5C-F0FEE5C16E05}.AppStore|x86.ActiveCfg = Release|Any CPU
		{64B7AE39-7A2F-4790-9D5C-F0FEE5C16E05}.AppStore|x86.Build.0 = Release|Any CPU
		{64B7AE39-7A2F-4790-9D5C-F0FEE5C16E05}.AppStore|x86.Deploy.0 = Release|Any CPU
		{64B7AE39-7A2F-4790-9D5C-F0FEE5C16E05}.Debug|Any CPU.ActiveCfg = Debug|Any CPU
		{64B7AE39-7A2F-4790-9D5C-F0FEE5C16E05}.Debug|Any CPU.Build.0 = Debug|Any CPU
		{64B7AE39-7A2F-4790-9D5C-F0FEE5C16E05}.Debug|Any CPU.Deploy.0 = Debug|Any CPU
		{64B7AE39-7A2F-4790-9D5C-F0FEE5C16E05}.Debug|ARM.ActiveCfg = Debug|Any CPU
		{64B7AE39-7A2F-4790-9D5C-F0FEE5C16E05}.Debug|ARM.Build.0 = Debug|Any CPU
		{64B7AE39-7A2F-4790-9D5C-F0FEE5C16E05}.Debug|ARM.Deploy.0 = Debug|Any CPU
		{64B7AE39-7A2F-4790-9D5C-F0FEE5C16E05}.Debug|iPhone.ActiveCfg = Debug|Any CPU
		{64B7AE39-7A2F-4790-9D5C-F0FEE5C16E05}.Debug|iPhone.Build.0 = Debug|Any CPU
		{64B7AE39-7A2F-4790-9D5C-F0FEE5C16E05}.Debug|iPhone.Deploy.0 = Debug|Any CPU
		{64B7AE39-7A2F-4790-9D5C-F0FEE5C16E05}.Debug|iPhoneSimulator.ActiveCfg = Debug|Any CPU
		{64B7AE39-7A2F-4790-9D5C-F0FEE5C16E05}.Debug|iPhoneSimulator.Build.0 = Debug|Any CPU
		{64B7AE39-7A2F-4790-9D5C-F0FEE5C16E05}.Debug|iPhoneSimulator.Deploy.0 = Debug|Any CPU
		{64B7AE39-7A2F-4790-9D5C-F0FEE5C16E05}.Debug|x64.ActiveCfg = Debug|Any CPU
		{64B7AE39-7A2F-4790-9D5C-F0FEE5C16E05}.Debug|x64.Build.0 = Debug|Any CPU
		{64B7AE39-7A2F-4790-9D5C-F0FEE5C16E05}.Debug|x64.Deploy.0 = Debug|Any CPU
		{64B7AE39-7A2F-4790-9D5C-F0FEE5C16E05}.Debug|x86.ActiveCfg = Debug|Any CPU
		{64B7AE39-7A2F-4790-9D5C-F0FEE5C16E05}.Debug|x86.Build.0 = Debug|Any CPU
		{64B7AE39-7A2F-4790-9D5C-F0FEE5C16E05}.Debug|x86.Deploy.0 = Debug|Any CPU
		{64B7AE39-7A2F-4790-9D5C-F0FEE5C16E05}.Release|Any CPU.ActiveCfg = Release|Any CPU
		{64B7AE39-7A2F-4790-9D5C-F0FEE5C16E05}.Release|Any CPU.Build.0 = Release|Any CPU
		{64B7AE39-7A2F-4790-9D5C-F0FEE5C16E05}.Release|Any CPU.Deploy.0 = Release|Any CPU
		{64B7AE39-7A2F-4790-9D5C-F0FEE5C16E05}.Release|ARM.ActiveCfg = Release|Any CPU
		{64B7AE39-7A2F-4790-9D5C-F0FEE5C16E05}.Release|ARM.Build.0 = Release|Any CPU
		{64B7AE39-7A2F-4790-9D5C-F0FEE5C16E05}.Release|ARM.Deploy.0 = Release|Any CPU
		{64B7AE39-7A2F-4790-9D5C-F0FEE5C16E05}.Release|iPhone.ActiveCfg = Release|Any CPU
		{64B7AE39-7A2F-4790-9D5C-F0FEE5C16E05}.Release|iPhone.Build.0 = Release|Any CPU
		{64B7AE39-7A2F-4790-9D5C-F0FEE5C16E05}.Release|iPhone.Deploy.0 = Release|Any CPU
		{64B7AE39-7A2F-4790-9D5C-F0FEE5C16E05}.Release|iPhoneSimulator.ActiveCfg = Release|Any CPU
		{64B7AE39-7A2F-4790-9D5C-F0FEE5C16E05}.Release|iPhoneSimulator.Build.0 = Release|Any CPU
		{64B7AE39-7A2F-4790-9D5C-F0FEE5C16E05}.Release|iPhoneSimulator.Deploy.0 = Release|Any CPU
		{64B7AE39-7A2F-4790-9D5C-F0FEE5C16E05}.Release|x64.ActiveCfg = Release|Any CPU
		{64B7AE39-7A2F-4790-9D5C-F0FEE5C16E05}.Release|x64.Build.0 = Release|Any CPU
		{64B7AE39-7A2F-4790-9D5C-F0FEE5C16E05}.Release|x64.Deploy.0 = Release|Any CPU
		{64B7AE39-7A2F-4790-9D5C-F0FEE5C16E05}.Release|x86.ActiveCfg = Release|Any CPU
		{64B7AE39-7A2F-4790-9D5C-F0FEE5C16E05}.Release|x86.Build.0 = Release|Any CPU
		{64B7AE39-7A2F-4790-9D5C-F0FEE5C16E05}.Release|x86.Deploy.0 = Release|Any CPU
		{F4CE4E99-9999-4DCC-AAA4-5E9015631759}.Ad-Hoc|Any CPU.ActiveCfg = Ad-Hoc|iPhone
		{F4CE4E99-9999-4DCC-AAA4-5E9015631759}.Ad-Hoc|ARM.ActiveCfg = Ad-Hoc|iPhone
		{F4CE4E99-9999-4DCC-AAA4-5E9015631759}.Ad-Hoc|iPhone.ActiveCfg = Ad-Hoc|iPhone
		{F4CE4E99-9999-4DCC-AAA4-5E9015631759}.Ad-Hoc|iPhone.Build.0 = Ad-Hoc|iPhone
		{F4CE4E99-9999-4DCC-AAA4-5E9015631759}.Ad-Hoc|iPhoneSimulator.ActiveCfg = Ad-Hoc|iPhoneSimulator
		{F4CE4E99-9999-4DCC-AAA4-5E9015631759}.Ad-Hoc|iPhoneSimulator.Build.0 = Ad-Hoc|iPhoneSimulator
		{F4CE4E99-9999-4DCC-AAA4-5E9015631759}.Ad-Hoc|x64.ActiveCfg = Ad-Hoc|iPhone
		{F4CE4E99-9999-4DCC-AAA4-5E9015631759}.Ad-Hoc|x86.ActiveCfg = Ad-Hoc|iPhone
		{F4CE4E99-9999-4DCC-AAA4-5E9015631759}.AppStore|Any CPU.ActiveCfg = AppStore|iPhone
		{F4CE4E99-9999-4DCC-AAA4-5E9015631759}.AppStore|ARM.ActiveCfg = AppStore|iPhone
		{F4CE4E99-9999-4DCC-AAA4-5E9015631759}.AppStore|iPhone.ActiveCfg = AppStore|iPhone
		{F4CE4E99-9999-4DCC-AAA4-5E9015631759}.AppStore|iPhone.Build.0 = AppStore|iPhone
		{F4CE4E99-9999-4DCC-AAA4-5E9015631759}.AppStore|iPhoneSimulator.ActiveCfg = AppStore|iPhoneSimulator
		{F4CE4E99-9999-4DCC-AAA4-5E9015631759}.AppStore|iPhoneSimulator.Build.0 = AppStore|iPhoneSimulator
		{F4CE4E99-9999-4DCC-AAA4-5E9015631759}.AppStore|x64.ActiveCfg = AppStore|iPhone
		{F4CE4E99-9999-4DCC-AAA4-5E9015631759}.AppStore|x86.ActiveCfg = AppStore|iPhone
		{F4CE4E99-9999-4DCC-AAA4-5E9015631759}.Debug|Any CPU.ActiveCfg = Debug|iPhone
		{F4CE4E99-9999-4DCC-AAA4-5E9015631759}.Debug|ARM.ActiveCfg = Debug|iPhone
		{F4CE4E99-9999-4DCC-AAA4-5E9015631759}.Debug|iPhone.ActiveCfg = Debug|iPhone
		{F4CE4E99-9999-4DCC-AAA4-5E9015631759}.Debug|iPhone.Build.0 = Debug|iPhone
		{F4CE4E99-9999-4DCC-AAA4-5E9015631759}.Debug|iPhoneSimulator.ActiveCfg = Debug|iPhoneSimulator
		{F4CE4E99-9999-4DCC-AAA4-5E9015631759}.Debug|iPhoneSimulator.Build.0 = Debug|iPhoneSimulator
		{F4CE4E99-9999-4DCC-AAA4-5E9015631759}.Debug|x64.ActiveCfg = Debug|iPhone
		{F4CE4E99-9999-4DCC-AAA4-5E9015631759}.Debug|x86.ActiveCfg = Debug|iPhone
		{F4CE4E99-9999-4DCC-AAA4-5E9015631759}.Release|Any CPU.ActiveCfg = Release|iPhone
		{F4CE4E99-9999-4DCC-AAA4-5E9015631759}.Release|ARM.ActiveCfg = Release|iPhone
		{F4CE4E99-9999-4DCC-AAA4-5E9015631759}.Release|iPhone.ActiveCfg = Release|iPhone
		{F4CE4E99-9999-4DCC-AAA4-5E9015631759}.Release|iPhone.Build.0 = Release|iPhone
		{F4CE4E99-9999-4DCC-AAA4-5E9015631759}.Release|iPhoneSimulator.ActiveCfg = Release|iPhoneSimulator
		{F4CE4E99-9999-4DCC-AAA4-5E9015631759}.Release|iPhoneSimulator.Build.0 = Release|iPhoneSimulator
		{F4CE4E99-9999-4DCC-AAA4-5E9015631759}.Release|x64.ActiveCfg = Release|iPhone
		{F4CE4E99-9999-4DCC-AAA4-5E9015631759}.Release|x86.ActiveCfg = Release|iPhone
		{0754CB69-0740-4F97-8990-1D66AEF94808}.Ad-Hoc|Any CPU.ActiveCfg = Release|Any CPU
		{0754CB69-0740-4F97-8990-1D66AEF94808}.Ad-Hoc|Any CPU.Build.0 = Release|Any CPU
		{0754CB69-0740-4F97-8990-1D66AEF94808}.Ad-Hoc|Any CPU.Deploy.0 = Release|Any CPU
		{0754CB69-0740-4F97-8990-1D66AEF94808}.Ad-Hoc|ARM.ActiveCfg = Release|ARM
		{0754CB69-0740-4F97-8990-1D66AEF94808}.Ad-Hoc|ARM.Build.0 = Release|ARM
		{0754CB69-0740-4F97-8990-1D66AEF94808}.Ad-Hoc|ARM.Deploy.0 = Release|ARM
		{0754CB69-0740-4F97-8990-1D66AEF94808}.Ad-Hoc|iPhone.ActiveCfg = Release|Any CPU
		{0754CB69-0740-4F97-8990-1D66AEF94808}.Ad-Hoc|iPhone.Build.0 = Release|Any CPU
		{0754CB69-0740-4F97-8990-1D66AEF94808}.Ad-Hoc|iPhone.Deploy.0 = Release|Any CPU
		{0754CB69-0740-4F97-8990-1D66AEF94808}.Ad-Hoc|iPhoneSimulator.ActiveCfg = Release|Any CPU
		{0754CB69-0740-4F97-8990-1D66AEF94808}.Ad-Hoc|iPhoneSimulator.Build.0 = Release|Any CPU
		{0754CB69-0740-4F97-8990-1D66AEF94808}.Ad-Hoc|iPhoneSimulator.Deploy.0 = Release|Any CPU
		{0754CB69-0740-4F97-8990-1D66AEF94808}.Ad-Hoc|x64.ActiveCfg = Release|Any CPU
		{0754CB69-0740-4F97-8990-1D66AEF94808}.Ad-Hoc|x64.Build.0 = Release|Any CPU
		{0754CB69-0740-4F97-8990-1D66AEF94808}.Ad-Hoc|x64.Deploy.0 = Release|Any CPU
		{0754CB69-0740-4F97-8990-1D66AEF94808}.Ad-Hoc|x86.ActiveCfg = Release|x86
		{0754CB69-0740-4F97-8990-1D66AEF94808}.Ad-Hoc|x86.Build.0 = Release|x86
		{0754CB69-0740-4F97-8990-1D66AEF94808}.Ad-Hoc|x86.Deploy.0 = Release|x86
		{0754CB69-0740-4F97-8990-1D66AEF94808}.AppStore|Any CPU.ActiveCfg = Release|Any CPU
		{0754CB69-0740-4F97-8990-1D66AEF94808}.AppStore|Any CPU.Build.0 = Release|Any CPU
		{0754CB69-0740-4F97-8990-1D66AEF94808}.AppStore|Any CPU.Deploy.0 = Release|Any CPU
		{0754CB69-0740-4F97-8990-1D66AEF94808}.AppStore|ARM.ActiveCfg = Release|ARM
		{0754CB69-0740-4F97-8990-1D66AEF94808}.AppStore|ARM.Build.0 = Release|ARM
		{0754CB69-0740-4F97-8990-1D66AEF94808}.AppStore|ARM.Deploy.0 = Release|ARM
		{0754CB69-0740-4F97-8990-1D66AEF94808}.AppStore|iPhone.ActiveCfg = Release|Any CPU
		{0754CB69-0740-4F97-8990-1D66AEF94808}.AppStore|iPhone.Build.0 = Release|Any CPU
		{0754CB69-0740-4F97-8990-1D66AEF94808}.AppStore|iPhone.Deploy.0 = Release|Any CPU
		{0754CB69-0740-4F97-8990-1D66AEF94808}.AppStore|iPhoneSimulator.ActiveCfg = Release|Any CPU
		{0754CB69-0740-4F97-8990-1D66AEF94808}.AppStore|iPhoneSimulator.Build.0 = Release|Any CPU
		{0754CB69-0740-4F97-8990-1D66AEF94808}.AppStore|iPhoneSimulator.Deploy.0 = Release|Any CPU
		{0754CB69-0740-4F97-8990-1D66AEF94808}.AppStore|x64.ActiveCfg = Release|Any CPU
		{0754CB69-0740-4F97-8990-1D66AEF94808}.AppStore|x64.Build.0 = Release|Any CPU
		{0754CB69-0740-4F97-8990-1D66AEF94808}.AppStore|x64.Deploy.0 = Release|Any CPU
		{0754CB69-0740-4F97-8990-1D66AEF94808}.AppStore|x86.ActiveCfg = Release|x86
		{0754CB69-0740-4F97-8990-1D66AEF94808}.AppStore|x86.Build.0 = Release|x86
		{0754CB69-0740-4F97-8990-1D66AEF94808}.AppStore|x86.Deploy.0 = Release|x86
		{0754CB69-0740-4F97-8990-1D66AEF94808}.Debug|Any CPU.ActiveCfg = Debug|Any CPU
		{0754CB69-0740-4F97-8990-1D66AEF94808}.Debug|Any CPU.Build.0 = Debug|Any CPU
		{0754CB69-0740-4F97-8990-1D66AEF94808}.Debug|Any CPU.Deploy.0 = Debug|Any CPU
		{0754CB69-0740-4F97-8990-1D66AEF94808}.Debug|ARM.ActiveCfg = Debug|ARM
		{0754CB69-0740-4F97-8990-1D66AEF94808}.Debug|ARM.Build.0 = Debug|ARM
		{0754CB69-0740-4F97-8990-1D66AEF94808}.Debug|ARM.Deploy.0 = Debug|ARM
		{0754CB69-0740-4F97-8990-1D66AEF94808}.Debug|iPhone.ActiveCfg = Debug|Any CPU
		{0754CB69-0740-4F97-8990-1D66AEF94808}.Debug|iPhone.Build.0 = Debug|Any CPU
		{0754CB69-0740-4F97-8990-1D66AEF94808}.Debug|iPhone.Deploy.0 = Debug|Any CPU
		{0754CB69-0740-4F97-8990-1D66AEF94808}.Debug|iPhoneSimulator.ActiveCfg = Debug|Any CPU
		{0754CB69-0740-4F97-8990-1D66AEF94808}.Debug|iPhoneSimulator.Build.0 = Debug|Any CPU
		{0754CB69-0740-4F97-8990-1D66AEF94808}.Debug|iPhoneSimulator.Deploy.0 = Debug|Any CPU
		{0754CB69-0740-4F97-8990-1D66AEF94808}.Debug|x64.ActiveCfg = Debug|Any CPU
		{0754CB69-0740-4F97-8990-1D66AEF94808}.Debug|x64.Build.0 = Debug|Any CPU
		{0754CB69-0740-4F97-8990-1D66AEF94808}.Debug|x64.Deploy.0 = Debug|Any CPU
		{0754CB69-0740-4F97-8990-1D66AEF94808}.Debug|x86.ActiveCfg = Debug|x86
		{0754CB69-0740-4F97-8990-1D66AEF94808}.Debug|x86.Build.0 = Debug|x86
		{0754CB69-0740-4F97-8990-1D66AEF94808}.Debug|x86.Deploy.0 = Debug|x86
		{0754CB69-0740-4F97-8990-1D66AEF94808}.Release|Any CPU.ActiveCfg = Release|Any CPU
		{0754CB69-0740-4F97-8990-1D66AEF94808}.Release|Any CPU.Build.0 = Release|Any CPU
		{0754CB69-0740-4F97-8990-1D66AEF94808}.Release|Any CPU.Deploy.0 = Release|Any CPU
		{0754CB69-0740-4F97-8990-1D66AEF94808}.Release|ARM.ActiveCfg = Release|ARM
		{0754CB69-0740-4F97-8990-1D66AEF94808}.Release|ARM.Build.0 = Release|ARM
		{0754CB69-0740-4F97-8990-1D66AEF94808}.Release|ARM.Deploy.0 = Release|ARM
		{0754CB69-0740-4F97-8990-1D66AEF94808}.Release|iPhone.ActiveCfg = Release|Any CPU
		{0754CB69-0740-4F97-8990-1D66AEF94808}.Release|iPhone.Build.0 = Release|Any CPU
		{0754CB69-0740-4F97-8990-1D66AEF94808}.Release|iPhone.Deploy.0 = Release|Any CPU
		{0754CB69-0740-4F97-8990-1D66AEF94808}.Release|iPhoneSimulator.ActiveCfg = Release|Any CPU
		{0754CB69-0740-4F97-8990-1D66AEF94808}.Release|iPhoneSimulator.Build.0 = Release|Any CPU
		{0754CB69-0740-4F97-8990-1D66AEF94808}.Release|iPhoneSimulator.Deploy.0 = Release|Any CPU
		{0754CB69-0740-4F97-8990-1D66AEF94808}.Release|x64.ActiveCfg = Release|Any CPU
		{0754CB69-0740-4F97-8990-1D66AEF94808}.Release|x64.Build.0 = Release|Any CPU
		{0754CB69-0740-4F97-8990-1D66AEF94808}.Release|x64.Deploy.0 = Release|Any CPU
		{0754CB69-0740-4F97-8990-1D66AEF94808}.Release|x86.ActiveCfg = Release|x86
		{0754CB69-0740-4F97-8990-1D66AEF94808}.Release|x86.Build.0 = Release|x86
		{0754CB69-0740-4F97-8990-1D66AEF94808}.Release|x86.Deploy.0 = Release|x86
		{593D30E4-76A2-41F5-86FC-AA18E706D62A}.Ad-Hoc|Any CPU.ActiveCfg = Release|x86
		{593D30E4-76A2-41F5-86FC-AA18E706D62A}.Ad-Hoc|Any CPU.Build.0 = Release|x86
		{593D30E4-76A2-41F5-86FC-AA18E706D62A}.Ad-Hoc|Any CPU.Deploy.0 = Release|x86
		{593D30E4-76A2-41F5-86FC-AA18E706D62A}.Ad-Hoc|ARM.ActiveCfg = Release|ARM
		{593D30E4-76A2-41F5-86FC-AA18E706D62A}.Ad-Hoc|ARM.Build.0 = Release|ARM
		{593D30E4-76A2-41F5-86FC-AA18E706D62A}.Ad-Hoc|ARM.Deploy.0 = Release|ARM
		{593D30E4-76A2-41F5-86FC-AA18E706D62A}.Ad-Hoc|iPhone.ActiveCfg = Release|x86
		{593D30E4-76A2-41F5-86FC-AA18E706D62A}.Ad-Hoc|iPhone.Build.0 = Release|x86
		{593D30E4-76A2-41F5-86FC-AA18E706D62A}.Ad-Hoc|iPhone.Deploy.0 = Release|x86
		{593D30E4-76A2-41F5-86FC-AA18E706D62A}.Ad-Hoc|iPhoneSimulator.ActiveCfg = Release|x86
		{593D30E4-76A2-41F5-86FC-AA18E706D62A}.Ad-Hoc|iPhoneSimulator.Build.0 = Release|x86
		{593D30E4-76A2-41F5-86FC-AA18E706D62A}.Ad-Hoc|iPhoneSimulator.Deploy.0 = Release|x86
		{593D30E4-76A2-41F5-86FC-AA18E706D62A}.Ad-Hoc|x64.ActiveCfg = Release|x64
		{593D30E4-76A2-41F5-86FC-AA18E706D62A}.Ad-Hoc|x64.Build.0 = Release|x64
		{593D30E4-76A2-41F5-86FC-AA18E706D62A}.Ad-Hoc|x64.Deploy.0 = Release|x64
		{593D30E4-76A2-41F5-86FC-AA18E706D62A}.Ad-Hoc|x86.ActiveCfg = Release|x86
		{593D30E4-76A2-41F5-86FC-AA18E706D62A}.Ad-Hoc|x86.Build.0 = Release|x86
		{593D30E4-76A2-41F5-86FC-AA18E706D62A}.Ad-Hoc|x86.Deploy.0 = Release|x86
		{593D30E4-76A2-41F5-86FC-AA18E706D62A}.AppStore|Any CPU.ActiveCfg = Release|x86
		{593D30E4-76A2-41F5-86FC-AA18E706D62A}.AppStore|Any CPU.Build.0 = Release|x86
		{593D30E4-76A2-41F5-86FC-AA18E706D62A}.AppStore|Any CPU.Deploy.0 = Release|x86
		{593D30E4-76A2-41F5-86FC-AA18E706D62A}.AppStore|ARM.ActiveCfg = Release|ARM
		{593D30E4-76A2-41F5-86FC-AA18E706D62A}.AppStore|ARM.Build.0 = Release|ARM
		{593D30E4-76A2-41F5-86FC-AA18E706D62A}.AppStore|ARM.Deploy.0 = Release|ARM
		{593D30E4-76A2-41F5-86FC-AA18E706D62A}.AppStore|iPhone.ActiveCfg = Release|x86
		{593D30E4-76A2-41F5-86FC-AA18E706D62A}.AppStore|iPhone.Build.0 = Release|x86
		{593D30E4-76A2-41F5-86FC-AA18E706D62A}.AppStore|iPhone.Deploy.0 = Release|x86
		{593D30E4-76A2-41F5-86FC-AA18E706D62A}.AppStore|iPhoneSimulator.ActiveCfg = Release|x86
		{593D30E4-76A2-41F5-86FC-AA18E706D62A}.AppStore|iPhoneSimulator.Build.0 = Release|x86
		{593D30E4-76A2-41F5-86FC-AA18E706D62A}.AppStore|iPhoneSimulator.Deploy.0 = Release|x86
		{593D30E4-76A2-41F5-86FC-AA18E706D62A}.AppStore|x64.ActiveCfg = Release|x64
		{593D30E4-76A2-41F5-86FC-AA18E706D62A}.AppStore|x64.Build.0 = Release|x64
		{593D30E4-76A2-41F5-86FC-AA18E706D62A}.AppStore|x64.Deploy.0 = Release|x64
		{593D30E4-76A2-41F5-86FC-AA18E706D62A}.AppStore|x86.ActiveCfg = Release|x86
		{593D30E4-76A2-41F5-86FC-AA18E706D62A}.AppStore|x86.Build.0 = Release|x86
		{593D30E4-76A2-41F5-86FC-AA18E706D62A}.AppStore|x86.Deploy.0 = Release|x86
		{593D30E4-76A2-41F5-86FC-AA18E706D62A}.Debug|Any CPU.ActiveCfg = Debug|x86
		{593D30E4-76A2-41F5-86FC-AA18E706D62A}.Debug|Any CPU.Build.0 = Debug|x86
		{593D30E4-76A2-41F5-86FC-AA18E706D62A}.Debug|Any CPU.Deploy.0 = Debug|x86
		{593D30E4-76A2-41F5-86FC-AA18E706D62A}.Debug|ARM.ActiveCfg = Debug|ARM
		{593D30E4-76A2-41F5-86FC-AA18E706D62A}.Debug|ARM.Build.0 = Debug|ARM
		{593D30E4-76A2-41F5-86FC-AA18E706D62A}.Debug|ARM.Deploy.0 = Debug|ARM
		{593D30E4-76A2-41F5-86FC-AA18E706D62A}.Debug|iPhone.ActiveCfg = Debug|x86
		{593D30E4-76A2-41F5-86FC-AA18E706D62A}.Debug|iPhoneSimulator.ActiveCfg = Debug|x86
		{593D30E4-76A2-41F5-86FC-AA18E706D62A}.Debug|x64.ActiveCfg = Debug|x64
		{593D30E4-76A2-41F5-86FC-AA18E706D62A}.Debug|x64.Build.0 = Debug|x64
		{593D30E4-76A2-41F5-86FC-AA18E706D62A}.Debug|x64.Deploy.0 = Debug|x64
		{593D30E4-76A2-41F5-86FC-AA18E706D62A}.Debug|x86.ActiveCfg = Debug|x86
		{593D30E4-76A2-41F5-86FC-AA18E706D62A}.Debug|x86.Build.0 = Debug|x86
		{593D30E4-76A2-41F5-86FC-AA18E706D62A}.Debug|x86.Deploy.0 = Debug|x86
		{593D30E4-76A2-41F5-86FC-AA18E706D62A}.Release|Any CPU.ActiveCfg = Release|x86
		{593D30E4-76A2-41F5-86FC-AA18E706D62A}.Release|ARM.ActiveCfg = Release|ARM
		{593D30E4-76A2-41F5-86FC-AA18E706D62A}.Release|ARM.Build.0 = Release|ARM
		{593D30E4-76A2-41F5-86FC-AA18E706D62A}.Release|ARM.Deploy.0 = Release|ARM
		{593D30E4-76A2-41F5-86FC-AA18E706D62A}.Release|iPhone.ActiveCfg = Release|x86
		{593D30E4-76A2-41F5-86FC-AA18E706D62A}.Release|iPhoneSimulator.ActiveCfg = Release|x86
		{593D30E4-76A2-41F5-86FC-AA18E706D62A}.Release|x64.ActiveCfg = Release|x64
		{593D30E4-76A2-41F5-86FC-AA18E706D62A}.Release|x64.Build.0 = Release|x64
		{593D30E4-76A2-41F5-86FC-AA18E706D62A}.Release|x64.Deploy.0 = Release|x64
		{593D30E4-76A2-41F5-86FC-AA18E706D62A}.Release|x86.ActiveCfg = Release|x86
		{593D30E4-76A2-41F5-86FC-AA18E706D62A}.Release|x86.Build.0 = Release|x86
		{593D30E4-76A2-41F5-86FC-AA18E706D62A}.Release|x86.Deploy.0 = Release|x86
		{86B58F3D-09A1-4429-A049-32DB41B2932E}.Ad-Hoc|Any CPU.ActiveCfg = Release|Any CPU
		{86B58F3D-09A1-4429-A049-32DB41B2932E}.Ad-Hoc|Any CPU.Build.0 = Release|Any CPU
		{86B58F3D-09A1-4429-A049-32DB41B2932E}.Ad-Hoc|Any CPU.Deploy.0 = Release|Any CPU
		{86B58F3D-09A1-4429-A049-32DB41B2932E}.Ad-Hoc|ARM.ActiveCfg = Release|ARM
		{86B58F3D-09A1-4429-A049-32DB41B2932E}.Ad-Hoc|ARM.Build.0 = Release|ARM
		{86B58F3D-09A1-4429-A049-32DB41B2932E}.Ad-Hoc|ARM.Deploy.0 = Release|ARM
		{86B58F3D-09A1-4429-A049-32DB41B2932E}.Ad-Hoc|iPhone.ActiveCfg = Release|Any CPU
		{86B58F3D-09A1-4429-A049-32DB41B2932E}.Ad-Hoc|iPhone.Build.0 = Release|Any CPU
		{86B58F3D-09A1-4429-A049-32DB41B2932E}.Ad-Hoc|iPhone.Deploy.0 = Release|Any CPU
		{86B58F3D-09A1-4429-A049-32DB41B2932E}.Ad-Hoc|iPhoneSimulator.ActiveCfg = Release|Any CPU
		{86B58F3D-09A1-4429-A049-32DB41B2932E}.Ad-Hoc|iPhoneSimulator.Build.0 = Release|Any CPU
		{86B58F3D-09A1-4429-A049-32DB41B2932E}.Ad-Hoc|iPhoneSimulator.Deploy.0 = Release|Any CPU
		{86B58F3D-09A1-4429-A049-32DB41B2932E}.Ad-Hoc|x64.ActiveCfg = Release|x64
		{86B58F3D-09A1-4429-A049-32DB41B2932E}.Ad-Hoc|x64.Build.0 = Release|x64
		{86B58F3D-09A1-4429-A049-32DB41B2932E}.Ad-Hoc|x64.Deploy.0 = Release|x64
		{86B58F3D-09A1-4429-A049-32DB41B2932E}.Ad-Hoc|x86.ActiveCfg = Release|x86
		{86B58F3D-09A1-4429-A049-32DB41B2932E}.Ad-Hoc|x86.Build.0 = Release|x86
		{86B58F3D-09A1-4429-A049-32DB41B2932E}.Ad-Hoc|x86.Deploy.0 = Release|x86
		{86B58F3D-09A1-4429-A049-32DB41B2932E}.AppStore|Any CPU.ActiveCfg = Release|Any CPU
		{86B58F3D-09A1-4429-A049-32DB41B2932E}.AppStore|Any CPU.Build.0 = Release|Any CPU
		{86B58F3D-09A1-4429-A049-32DB41B2932E}.AppStore|Any CPU.Deploy.0 = Release|Any CPU
		{86B58F3D-09A1-4429-A049-32DB41B2932E}.AppStore|ARM.ActiveCfg = Release|ARM
		{86B58F3D-09A1-4429-A049-32DB41B2932E}.AppStore|ARM.Build.0 = Release|ARM
		{86B58F3D-09A1-4429-A049-32DB41B2932E}.AppStore|ARM.Deploy.0 = Release|ARM
		{86B58F3D-09A1-4429-A049-32DB41B2932E}.AppStore|iPhone.ActiveCfg = Release|Any CPU
		{86B58F3D-09A1-4429-A049-32DB41B2932E}.AppStore|iPhone.Build.0 = Release|Any CPU
		{86B58F3D-09A1-4429-A049-32DB41B2932E}.AppStore|iPhone.Deploy.0 = Release|Any CPU
		{86B58F3D-09A1-4429-A049-32DB41B2932E}.AppStore|iPhoneSimulator.ActiveCfg = Release|Any CPU
		{86B58F3D-09A1-4429-A049-32DB41B2932E}.AppStore|iPhoneSimulator.Build.0 = Release|Any CPU
		{86B58F3D-09A1-4429-A049-32DB41B2932E}.AppStore|iPhoneSimulator.Deploy.0 = Release|Any CPU
		{86B58F3D-09A1-4429-A049-32DB41B2932E}.AppStore|x64.ActiveCfg = Release|x64
		{86B58F3D-09A1-4429-A049-32DB41B2932E}.AppStore|x64.Build.0 = Release|x64
		{86B58F3D-09A1-4429-A049-32DB41B2932E}.AppStore|x64.Deploy.0 = Release|x64
		{86B58F3D-09A1-4429-A049-32DB41B2932E}.AppStore|x86.ActiveCfg = Release|x86
		{86B58F3D-09A1-4429-A049-32DB41B2932E}.AppStore|x86.Build.0 = Release|x86
		{86B58F3D-09A1-4429-A049-32DB41B2932E}.AppStore|x86.Deploy.0 = Release|x86
		{86B58F3D-09A1-4429-A049-32DB41B2932E}.Debug|Any CPU.ActiveCfg = Debug|Any CPU
		{86B58F3D-09A1-4429-A049-32DB41B2932E}.Debug|Any CPU.Build.0 = Debug|Any CPU
		{86B58F3D-09A1-4429-A049-32DB41B2932E}.Debug|Any CPU.Deploy.0 = Debug|Any CPU
		{86B58F3D-09A1-4429-A049-32DB41B2932E}.Debug|ARM.ActiveCfg = Debug|ARM
		{86B58F3D-09A1-4429-A049-32DB41B2932E}.Debug|ARM.Build.0 = Debug|ARM
		{86B58F3D-09A1-4429-A049-32DB41B2932E}.Debug|ARM.Deploy.0 = Debug|ARM
		{86B58F3D-09A1-4429-A049-32DB41B2932E}.Debug|iPhone.ActiveCfg = Debug|Any CPU
		{86B58F3D-09A1-4429-A049-32DB41B2932E}.Debug|iPhone.Build.0 = Debug|Any CPU
		{86B58F3D-09A1-4429-A049-32DB41B2932E}.Debug|iPhone.Deploy.0 = Debug|Any CPU
		{86B58F3D-09A1-4429-A049-32DB41B2932E}.Debug|iPhoneSimulator.ActiveCfg = Debug|Any CPU
		{86B58F3D-09A1-4429-A049-32DB41B2932E}.Debug|iPhoneSimulator.Build.0 = Debug|Any CPU
		{86B58F3D-09A1-4429-A049-32DB41B2932E}.Debug|iPhoneSimulator.Deploy.0 = Debug|Any CPU
		{86B58F3D-09A1-4429-A049-32DB41B2932E}.Debug|x64.ActiveCfg = Debug|x64
		{86B58F3D-09A1-4429-A049-32DB41B2932E}.Debug|x64.Build.0 = Debug|x64
		{86B58F3D-09A1-4429-A049-32DB41B2932E}.Debug|x64.Deploy.0 = Debug|x64
		{86B58F3D-09A1-4429-A049-32DB41B2932E}.Debug|x86.ActiveCfg = Debug|x86
		{86B58F3D-09A1-4429-A049-32DB41B2932E}.Debug|x86.Build.0 = Debug|x86
		{86B58F3D-09A1-4429-A049-32DB41B2932E}.Debug|x86.Deploy.0 = Debug|x86
		{86B58F3D-09A1-4429-A049-32DB41B2932E}.Release|Any CPU.ActiveCfg = Release|Any CPU
		{86B58F3D-09A1-4429-A049-32DB41B2932E}.Release|Any CPU.Build.0 = Release|Any CPU
		{86B58F3D-09A1-4429-A049-32DB41B2932E}.Release|Any CPU.Deploy.0 = Release|Any CPU
		{86B58F3D-09A1-4429-A049-32DB41B2932E}.Release|ARM.ActiveCfg = Release|ARM
		{86B58F3D-09A1-4429-A049-32DB41B2932E}.Release|ARM.Build.0 = Release|ARM
		{86B58F3D-09A1-4429-A049-32DB41B2932E}.Release|ARM.Deploy.0 = Release|ARM
		{86B58F3D-09A1-4429-A049-32DB41B2932E}.Release|iPhone.ActiveCfg = Release|Any CPU
		{86B58F3D-09A1-4429-A049-32DB41B2932E}.Release|iPhone.Build.0 = Release|Any CPU
		{86B58F3D-09A1-4429-A049-32DB41B2932E}.Release|iPhone.Deploy.0 = Release|Any CPU
		{86B58F3D-09A1-4429-A049-32DB41B2932E}.Release|iPhoneSimulator.ActiveCfg = Release|Any CPU
		{86B58F3D-09A1-4429-A049-32DB41B2932E}.Release|iPhoneSimulator.Build.0 = Release|Any CPU
		{86B58F3D-09A1-4429-A049-32DB41B2932E}.Release|iPhoneSimulator.Deploy.0 = Release|Any CPU
		{86B58F3D-09A1-4429-A049-32DB41B2932E}.Release|x64.ActiveCfg = Release|x64
		{86B58F3D-09A1-4429-A049-32DB41B2932E}.Release|x64.Build.0 = Release|x64
		{86B58F3D-09A1-4429-A049-32DB41B2932E}.Release|x64.Deploy.0 = Release|x64
		{86B58F3D-09A1-4429-A049-32DB41B2932E}.Release|x86.ActiveCfg = Release|x86
		{86B58F3D-09A1-4429-A049-32DB41B2932E}.Release|x86.Build.0 = Release|x86
		{86B58F3D-09A1-4429-A049-32DB41B2932E}.Release|x86.Deploy.0 = Release|x86
	EndGlobalSection
	GlobalSection(SolutionProperties) = preSolution
		HideSolutionNode = FALSE
	EndGlobalSection
EndGlobal
